{
  "pins" : [
    {
      "identity" : "commonkit",
      "kind" : "remoteSourceControl",
      "location" : "https://github.com/rrroyal/CommonKit",
      "state" : {
        "branch" : "main",
        "revision" : "81618b2164ea56a57bfd512bbda72e552f4bbd8e"
      }
    },
    {
      "identity" : "indicatorskit",
      "kind" : "remoteSourceControl",
      "location" : "https://github.com/rrroyal/IndicatorsKit.git",
      "state" : {
        "branch" : "main",
        "revision" : "4cf460a557b101be570fac0c2cdd205bb39dab7f"
      }
    },
    {
      "identity" : "keychainkit",
      "kind" : "remoteSourceControl",
      "location" : "https://github.com/rrroyal/KeychainKit.git",
      "state" : {
        "branch" : "main",
        "revision" : "10f6e68ed68fd16797afd08ef0e49ec0b2f8dfca"
      }
    },
    {
      "identity" : "swiftgenplugin",
      "kind" : "remoteSourceControl",
      "location" : "https://github.com/Mindera/SwiftGenPlugin",
      "state" : {
        "revision" : "0e8da6e2d74455e7110fe40528256fb33395d153"
      }
    },
    {
      "identity" : "swiftlintplugin",
      "kind" : "remoteSourceControl",
      "location" : "https://github.com/rrroyal/SwiftLintPlugin",
      "state" : {
        "branch" : "main",
        "revision" : "83ae63d6ac1594ed6b79d6b2545b1155431101cf"
      }
    }
  ],
  "version" : 2
}
