{
  "originHash" : "ff3db79ae5ce614da55e8bf0e8c49b5ab1ff753cf079da09e1c497cd5f51a756",
  "pins" : [
    {
      "identity" : "commonskit",
      "kind" : "remoteSourceControl",
      "location" : "https://github.com/rrroyal/CommonsKit",
      "state" : {
        "branch" : "main",
        "revision" : "caf79404cfd000a4438070f749f521d16781caa1"
      }
    },
    {
      "identity" : "indicatorskit",
      "kind" : "remoteSourceControl",
      "location" : "https://github.com/rrroyal/IndicatorsKit",
      "state" : {
        "branch" : "develop",
        "revision" : "67ce1b07da37687394354e74fc80f824e56ea124"
      }
    },
    {
      "identity" : "keychainkit",
      "kind" : "remoteSourceControl",
      "location" : "https://github.com/rrroyal/KeychainKit",
      "state" : {
        "branch" : "main",
        "revision" : "b09e16a265b5be29a5b3c7dc8dbb03c920d46853"
      }
    },
    {
      "identity" : "networkkit",
      "kind" : "remoteSourceControl",
      "location" : "https://github.com/rrroyal/NetworkKit",
      "state" : {
        "branch" : "main",
        "revision" : "9a7cbf968f3fcc21445f31a63dac22020d17a74b"
      }
    },
    {
      "identity" : "swiftlintplugin",
      "kind" : "remoteSourceControl",
      "location" : "https://github.com/lukepistrol/SwiftLintPlugin",
      "state" : {
        "revision" : "be0b5c5a83cf90e62a51e61624f5b5f9a46279c9",
        "version" : "0.61.0"
      }
    }
  ],
  "version" : 3
}
