{
  "originHash" : "33c832d0cf6417546886e926c6db495d67979cb0983b2efdb9540a03787bbb65",
  "pins" : [
    {
      "identity" : "commonskit",
      "kind" : "remoteSourceControl",
      "location" : "https://github.com/rrroyal/CommonsKit",
      "state" : {
        "branch" : "main",
        "revision" : "c2378a006798dcbc32593548527956df41166eba"
      }
    },
    {
      "identity" : "indicatorskit",
      "kind" : "remoteSourceControl",
      "location" : "https://github.com/rrroyal/IndicatorsKit",
      "state" : {
        "branch" : "main",
        "revision" : "312624512f8bb73193ff30d4d1f2c5cc882e205a"
      }
    },
    {
      "identity" : "keychainkit",
      "kind" : "remoteSourceControl",
      "location" : "https://github.com/rrroyal/KeychainKit",
      "state" : {
        "branch" : "main",
        "revision" : "79b079730cef0ee5b5a22031ad932962aca51bd1"
      }
    },
    {
      "identity" : "networkkit",
      "kind" : "remoteSourceControl",
      "location" : "https://github.com/rrroyal/NetworkKit",
      "state" : {
        "branch" : "main",
        "revision" : "82a5a1e450c64898982c378b517bb5ecae2f3d75"
      }
    },
    {
      "identity" : "swiftlintplugin",
      "kind" : "remoteSourceControl",
      "location" : "https://github.com/lukepistrol/SwiftLintPlugin",
      "state" : {
        "revision" : "ea6d3ca895b49910f790e98e4b4ca658e0fe490e",
        "version" : "0.54.0"
      }
    }
  ],
  "version" : 3
}
