// !$*UTF8*$!
{
	archiveVersion = 1;
	classes = {
	};
	objectVersion = 70;
	objects = {

/* Begin PBXBuildFile section */
		00242F492B2C911300636A5B /* IndicatorsKit in Frameworks */ = {isa = PBXBuildFile; productRef = 00242F482B2C911300636A5B /* IndicatorsKit */; };
		00242F4E2B2C917F00636A5B /* KeychainKit in Frameworks */ = {isa = PBXBuildFile; productRef = 00242F4D2B2C917F00636A5B /* KeychainKit */; };
		00242F512B2C919F00636A5B /* KeychainKit in Frameworks */ = {isa = PBXBuildFile; productRef = 00242F502B2C919F00636A5B /* KeychainKit */; };
		00242F552B2C91B500636A5B /* CommonOSLog in Frameworks */ = {isa = PBXBuildFile; productRef = 00242F542B2C91B500636A5B /* CommonOSLog */; };
		00242F592B2C91C000636A5B /* CommonFoundation in Frameworks */ = {isa = PBXBuildFile; productRef = 00242F582B2C91C000636A5B /* CommonFoundation */; };
		00242F5D2B2C91DB00636A5B /* CommonHaptics in Frameworks */ = {isa = PBXBuildFile; productRef = 00242F5C2B2C91DB00636A5B /* CommonHaptics */; };
		00242F612B2C91ED00636A5B /* CommonOSLog in Frameworks */ = {isa = PBXBuildFile; productRef = 00242F602B2C91ED00636A5B /* CommonOSLog */; };
		00242F652B2C91FA00636A5B /* CommonFoundation in Frameworks */ = {isa = PBXBuildFile; productRef = 00242F642B2C91FA00636A5B /* CommonFoundation */; };
		005F29312BB2EE9B0014000F /* Navigation in Frameworks */ = {isa = PBXBuildFile; productRef = 005F29302BB2EE9B0014000F /* Navigation */; };
		005F29332BB2EEA20014000F /* Navigation in Frameworks */ = {isa = PBXBuildFile; productRef = 005F29322BB2EEA20014000F /* Navigation */; };
		007644782BBF18870015BD8A /* PortainerKit in Frameworks */ = {isa = PBXBuildFile; productRef = 007644772BBF18870015BD8A /* PortainerKit */; };
		0076447A2BBF18A30015BD8A /* PortainerKit in Frameworks */ = {isa = PBXBuildFile; productRef = 007644792BBF18A30015BD8A /* PortainerKit */; };
		00A4AB882A34ECB60074E940 /* WidgetKit.framework in Frameworks */ = {isa = PBXBuildFile; fileRef = E72AA76D28EB662300C33EA3 /* WidgetKit.framework */; };
		00A4AB892A34ECB60074E940 /* SwiftUI.framework in Frameworks */ = {isa = PBXBuildFile; fileRef = E72AA76F28EB662400C33EA3 /* SwiftUI.framework */; };
		00A4AB972A34ECB70074E940 /* HarbourWidgets.appex in Embed Foundation Extensions */ = {isa = PBXBuildFile; fileRef = 00A4AB872A34ECB60074E940 /* HarbourWidgets.appex */; settings = {ATTRIBUTES = (RemoveHeadersOnCopy, ); }; };
/* End PBXBuildFile section */

/* Begin PBXContainerItemProxy section */
		00A4AB952A34ECB70074E940 /* PBXContainerItemProxy */ = {
			isa = PBXContainerItemProxy;
			containerPortal = E7D6E61C2884771200C79732 /* Project object */;
			proxyType = 1;
			remoteGlobalIDString = 00A4AB862A34ECB60074E940;
			remoteInfo = WidgetsExtension;
		};
/* End PBXContainerItemProxy section */

/* Begin PBXCopyFilesBuildPhase section */
		00A4ABAC2A34ED2A0074E940 /* Embed ExtensionKit Extensions */ = {
			isa = PBXCopyFilesBuildPhase;
			buildActionMask = 2147483647;
			dstPath = "$(EXTENSIONS_FOLDER_PATH)";
			dstSubfolderSpec = 16;
			files = (
			);
			name = "Embed ExtensionKit Extensions";
			runOnlyForDeploymentPostprocessing = 0;
		};
		E72AA77F28EB662600C33EA3 /* Embed Foundation Extensions */ = {
			isa = PBXCopyFilesBuildPhase;
			buildActionMask = 2147483647;
			dstPath = "";
			dstSubfolderSpec = 13;
			files = (
				00A4AB972A34ECB70074E940 /* HarbourWidgets.appex in Embed Foundation Extensions */,
			);
			name = "Embed Foundation Extensions";
			runOnlyForDeploymentPostprocessing = 0;
		};
/* End PBXCopyFilesBuildPhase section */

/* Begin PBXFileReference section */
		00A4AB872A34ECB60074E940 /* HarbourWidgets.appex */ = {isa = PBXFileReference; explicitFileType = "wrapper.app-extension"; includeInIndex = 0; path = HarbourWidgets.appex; sourceTree = BUILT_PRODUCTS_DIR; };
		E72AA76D28EB662300C33EA3 /* WidgetKit.framework */ = {isa = PBXFileReference; lastKnownFileType = wrapper.framework; name = WidgetKit.framework; path = System/Library/Frameworks/WidgetKit.framework; sourceTree = SDKROOT; };
		E72AA76F28EB662400C33EA3 /* SwiftUI.framework */ = {isa = PBXFileReference; lastKnownFileType = wrapper.framework; name = SwiftUI.framework; path = System/Library/Frameworks/SwiftUI.framework; sourceTree = SDKROOT; };
		E72AA79928EB895D00C33EA3 /* Intents.framework */ = {isa = PBXFileReference; lastKnownFileType = wrapper.framework; name = Intents.framework; path = System/Library/Frameworks/Intents.framework; sourceTree = SDKROOT; };
		E7D6E6242884771200C79732 /* Harbour.app */ = {isa = PBXFileReference; explicitFileType = wrapper.application; includeInIndex = 0; path = Harbour.app; sourceTree = BUILT_PRODUCTS_DIR; };
/* End PBXFileReference section */

/* Begin PBXFileSystemSynchronizedBuildFileExceptionSet section */
		007C645F2DDE28850035DEA0 /* PBXFileSystemSynchronizedBuildFileExceptionSet */ = {
			isa = PBXFileSystemSynchronizedBuildFileExceptionSet;
			membershipExceptions = (
				AppShortcuts.xcstrings,
			);
			target = 00A4AB862A34ECB60074E940 /* HarbourWidgets */;
		};
		00B084122C17A3940034DBDC /* PBXFileSystemSynchronizedBuildFileExceptionSet */ = {
			isa = PBXFileSystemSynchronizedBuildFileExceptionSet;
			membershipExceptions = (
				Info.plist,
			);
			target = 00A4AB862A34ECB60074E940 /* HarbourWidgets */;
		};
		00B085BA2C17A3D80034DBDC /* PBXFileSystemSynchronizedBuildFileExceptionSet */ = {
			isa = PBXFileSystemSynchronizedBuildFileExceptionSet;
			membershipExceptions = (
				"Extensions/Foundation/Error+Equatable.swift",
				"Extensions/PortainerKit/Container.State+isRunning.swift",
				"Extensions/PortainerKit/Stack.StackType+UI.swift",
				"Helpers/Spotlight/SpotlightHelper+Containers.swift",
				"Helpers/Spotlight/SpotlightHelper+Stacks.swift",
				"Preview Content/PortainerStore+Preview.swift",
				"Preview Content/Preview Assets.xcassets",
				Types/KeyValueEntry.swift,
				"UI/View Components/DelayedView.swift",
			);
			target = 00A4AB862A34ECB60074E940 /* HarbourWidgets */;
		};
		00B086C62C17A3F30034DBDC /* PBXFileSystemSynchronizedBuildFileExceptionSet */ = {
			isa = PBXFileSystemSynchronizedBuildFileExceptionSet;
			membershipExceptions = (
				Info.plist,
			);
			platformFiltersByRelativePath = {
				"UI/Views/ContentView/Components/ContentView+ViewForIOS.swift" = (
					ios,
				);
				"UI/Views/ContentView/Components/ContentView+ViewForMacOS.swift" = (
					macos,
				);
			};
			target = E7D6E6232884771200C79732 /* Harbour */;
		};
/* End PBXFileSystemSynchronizedBuildFileExceptionSet section */

/* Begin PBXFileSystemSynchronizedRootGroup section */
		00B083F52C17A3890034DBDC /* Modules */ = {isa = PBXFileSystemSynchronizedRootGroup; explicitFileTypes = {}; explicitFolders = (); path = Modules; sourceTree = "<group>"; };
		00B084072C17A3930034DBDC /* HarbourWidgets */ = {isa = PBXFileSystemSynchronizedRootGroup; exceptions = (00B084122C17A3940034DBDC /* PBXFileSystemSynchronizedBuildFileExceptionSet */, ); explicitFileTypes = {}; explicitFolders = (); path = HarbourWidgets; sourceTree = "<group>"; };
		00B0853A2C17A3D80034DBDC /* Shared */ = {isa = PBXFileSystemSynchronizedRootGroup; exceptions = (00B085BA2C17A3D80034DBDC /* PBXFileSystemSynchronizedBuildFileExceptionSet */, ); explicitFileTypes = {}; explicitFolders = (); path = Shared; sourceTree = "<group>"; };
		00B086572C17A3F30034DBDC /* Harbour */ = {isa = PBXFileSystemSynchronizedRootGroup; exceptions = (00B086C62C17A3F30034DBDC /* PBXFileSystemSynchronizedBuildFileExceptionSet */, 007C645F2DDE28850035DEA0 /* PBXFileSystemSynchronizedBuildFileExceptionSet */, ); explicitFileTypes = {}; explicitFolders = (); path = Harbour; sourceTree = "<group>"; };
/* End PBXFileSystemSynchronizedRootGroup section */

/* Begin PBXFrameworksBuildPhase section */
		00A4AB842A34ECB60074E940 /* Frameworks */ = {
			isa = PBXFrameworksBuildPhase;
			buildActionMask = 2147483647;
			files = (
				00242F592B2C91C000636A5B /* CommonFoundation in Frameworks */,
				00242F552B2C91B500636A5B /* CommonOSLog in Frameworks */,
				0076447A2BBF18A30015BD8A /* PortainerKit in Frameworks */,
				00A4AB892A34ECB60074E940 /* SwiftUI.framework in Frameworks */,
				005F29332BB2EEA20014000F /* Navigation in Frameworks */,
				00A4AB882A34ECB60074E940 /* WidgetKit.framework in Frameworks */,
				00242F512B2C919F00636A5B /* KeychainKit in Frameworks */,
			);
			runOnlyForDeploymentPostprocessing = 0;
		};
		E7D6E6212884771200C79732 /* Frameworks */ = {
			isa = PBXFrameworksBuildPhase;
			buildActionMask = 2147483647;
			files = (
				00242F652B2C91FA00636A5B /* CommonFoundation in Frameworks */,
				00242F612B2C91ED00636A5B /* CommonOSLog in Frameworks */,
				007644782BBF18870015BD8A /* PortainerKit in Frameworks */,
				00242F4E2B2C917F00636A5B /* KeychainKit in Frameworks */,
				005F29312BB2EE9B0014000F /* Navigation in Frameworks */,
				00242F5D2B2C91DB00636A5B /* CommonHaptics in Frameworks */,
				00242F492B2C911300636A5B /* IndicatorsKit in Frameworks */,
			);
			runOnlyForDeploymentPostprocessing = 0;
		};
/* End PBXFrameworksBuildPhase section */

/* Begin PBXGroup section */
		E7D6E61B2884771200C79732 = {
			isa = PBXGroup;
			children = (
				00B086572C17A3F30034DBDC /* Harbour */,
				00B084072C17A3930034DBDC /* HarbourWidgets */,
				00B0853A2C17A3D80034DBDC /* Shared */,
				00B083F52C17A3890034DBDC /* Modules */,
				E7D6E6252884771200C79732 /* Products */,
				E7E240F128847FAB00CC4F4C /* Frameworks */,
			);
			sourceTree = "<group>";
			usesTabs = 1;
		};
		E7D6E6252884771200C79732 /* Products */ = {
			isa = PBXGroup;
			children = (
				E7D6E6242884771200C79732 /* Harbour.app */,
				00A4AB872A34ECB60074E940 /* HarbourWidgets.appex */,
			);
			name = Products;
			sourceTree = "<group>";
		};
		E7E240F128847FAB00CC4F4C /* Frameworks */ = {
			isa = PBXGroup;
			children = (
				E72AA76D28EB662300C33EA3 /* WidgetKit.framework */,
				E72AA76F28EB662400C33EA3 /* SwiftUI.framework */,
				E72AA79928EB895D00C33EA3 /* Intents.framework */,
			);
			name = Frameworks;
			sourceTree = "<group>";
		};
/* End PBXGroup section */

/* Begin PBXNativeTarget section */
		00A4AB862A34ECB60074E940 /* HarbourWidgets */ = {
			isa = PBXNativeTarget;
			buildConfigurationList = 00A4AB982A34ECB70074E940 /* Build configuration list for PBXNativeTarget "HarbourWidgets" */;
			buildPhases = (
				00A4AB832A34ECB60074E940 /* Sources */,
				00A4AB842A34ECB60074E940 /* Frameworks */,
				00A4AB852A34ECB60074E940 /* Resources */,
			);
			buildRules = (
			);
			dependencies = (
				00A9F1F32C1B4F760039700C /* PBXTargetDependency */,
			);
			fileSystemSynchronizedGroups = (
				00B084072C17A3930034DBDC /* HarbourWidgets */,
				00B0853A2C17A3D80034DBDC /* Shared */,
			);
			name = HarbourWidgets;
			packageProductDependencies = (
				00242F502B2C919F00636A5B /* KeychainKit */,
				00242F542B2C91B500636A5B /* CommonOSLog */,
				00242F582B2C91C000636A5B /* CommonFoundation */,
				005F29322BB2EEA20014000F /* Navigation */,
				007644792BBF18A30015BD8A /* PortainerKit */,
			);
			productName = WidgetsExtension;
			productReference = 00A4AB872A34ECB60074E940 /* HarbourWidgets.appex */;
			productType = "com.apple.product-type.app-extension";
		};
		E7D6E6232884771200C79732 /* Harbour */ = {
			isa = PBXNativeTarget;
			buildConfigurationList = E7D6E6322884771400C79732 /* Build configuration list for PBXNativeTarget "Harbour" */;
			buildPhases = (
				E7D6E6202884771200C79732 /* Sources */,
				E7D6E6212884771200C79732 /* Frameworks */,
				E7D6E6222884771200C79732 /* Resources */,
				E72AA77F28EB662600C33EA3 /* Embed Foundation Extensions */,
				00A4ABAC2A34ED2A0074E940 /* Embed ExtensionKit Extensions */,
			);
			buildRules = (
			);
			dependencies = (
				00A9F1F52C1B4F830039700C /* PBXTargetDependency */,
				00A4AB962A34ECB70074E940 /* PBXTargetDependency */,
			);
			fileSystemSynchronizedGroups = (
				00B0853A2C17A3D80034DBDC /* Shared */,
				00B086572C17A3F30034DBDC /* Harbour */,
			);
			name = Harbour;
			packageProductDependencies = (
				00242F482B2C911300636A5B /* IndicatorsKit */,
				00242F4D2B2C917F00636A5B /* KeychainKit */,
				00242F5C2B2C91DB00636A5B /* CommonHaptics */,
				00242F602B2C91ED00636A5B /* CommonOSLog */,
				00242F642B2C91FA00636A5B /* CommonFoundation */,
				005F29302BB2EE9B0014000F /* Navigation */,
				007644772BBF18870015BD8A /* PortainerKit */,
			);
			productName = Harbour;
			productReference = E7D6E6242884771200C79732 /* Harbour.app */;
			productType = "com.apple.product-type.application";
		};
/* End PBXNativeTarget section */

/* Begin PBXProject section */
		E7D6E61C2884771200C79732 /* Project object */ = {
			isa = PBXProject;
			attributes = {
				BuildIndependentTargetsInParallel = 1;
				LastSwiftUpdateCheck = 1500;
				LastUpgradeCheck = 2600;
				ORGANIZATIONNAME = shameful;
				TargetAttributes = {
					00A4AB862A34ECB60074E940 = {
						CreatedOnToolsVersion = 15.0;
					};
					E7D6E6232884771200C79732 = {
						CreatedOnToolsVersion = 14.0;
					};
				};
			};
			buildConfigurationList = E7D6E61F2884771200C79732 /* Build configuration list for PBXProject "Harbour" */;
			compatibilityVersion = "Xcode 15.0";
			developmentRegion = en;
			hasScannedForEncodings = 0;
			knownRegions = (
				en,
				Base,
			);
			mainGroup = E7D6E61B2884771200C79732;
			packageReferences = (
				00242F472B2C911300636A5B /* XCRemoteSwiftPackageReference "IndicatorsKit" */,
				00242F4C2B2C917F00636A5B /* XCRemoteSwiftPackageReference "KeychainKit" */,
				00242F4F2B2C918A00636A5B /* XCRemoteSwiftPackageReference "CommonsKit" */,
				000E16E62B6A74C1007F611A /* XCRemoteSwiftPackageReference "SwiftLintPlugin" */,
			);
			productRefGroup = E7D6E6252884771200C79732 /* Products */;
			projectDirPath = "";
			projectRoot = "";
			targets = (
				E7D6E6232884771200C79732 /* Harbour */,
				00A4AB862A34ECB60074E940 /* HarbourWidgets */,
			);
		};
/* End PBXProject section */

/* Begin PBXResourcesBuildPhase section */
		00A4AB852A34ECB60074E940 /* Resources */ = {
			isa = PBXResourcesBuildPhase;
			buildActionMask = 2147483647;
			files = (
			);
			runOnlyForDeploymentPostprocessing = 0;
		};
		E7D6E6222884771200C79732 /* Resources */ = {
			isa = PBXResourcesBuildPhase;
			buildActionMask = 2147483647;
			files = (
			);
			runOnlyForDeploymentPostprocessing = 0;
		};
/* End PBXResourcesBuildPhase section */

/* Begin PBXSourcesBuildPhase section */
		00A4AB832A34ECB60074E940 /* Sources */ = {
			isa = PBXSourcesBuildPhase;
			buildActionMask = 2147483647;
			files = (
			);
			runOnlyForDeploymentPostprocessing = 0;
		};
		E7D6E6202884771200C79732 /* Sources */ = {
			isa = PBXSourcesBuildPhase;
			buildActionMask = 2147483647;
			files = (
			);
			runOnlyForDeploymentPostprocessing = 0;
		};
/* End PBXSourcesBuildPhase section */

/* Begin PBXTargetDependency section */
		00A4AB962A34ECB70074E940 /* PBXTargetDependency */ = {
			isa = PBXTargetDependency;
			target = 00A4AB862A34ECB60074E940 /* HarbourWidgets */;
			targetProxy = 00A4AB952A34ECB70074E940 /* PBXContainerItemProxy */;
		};
		00A9F1F32C1B4F760039700C /* PBXTargetDependency */ = {
			isa = PBXTargetDependency;
			productRef = 00A9F1F22C1B4F760039700C /* SwiftLint */;
		};
		00A9F1F52C1B4F830039700C /* PBXTargetDependency */ = {
			isa = PBXTargetDependency;
			productRef = 00A9F1F42C1B4F830039700C /* SwiftLint */;
		};
/* End PBXTargetDependency section */

/* Begin XCBuildConfiguration section */
		00A4AB992A34ECB70074E940 /* Debug */ = {
			isa = XCBuildConfiguration;
			buildSettings = {
				ASSETCATALOG_COMPILER_GLOBAL_ACCENT_COLOR_NAME = AccentColor;
				ASSETCATALOG_COMPILER_WIDGET_BACKGROUND_COLOR_NAME = WidgetBackground;
				CODE_SIGN_ENTITLEMENTS = HarbourWidgets/Widgets.entitlements;
				CODE_SIGN_STYLE = Automatic;
				CURRENT_PROJECT_VERSION = 1;
				DEAD_CODE_STRIPPING = YES;
				DEVELOPMENT_ASSET_PATHS = "Shared/Preview\\ Content";
				ENABLE_APP_SANDBOX = YES;
				ENABLE_HARDENED_RUNTIME = YES;
				ENABLE_OUTGOING_NETWORK_CONNECTIONS = YES;
				GENERATE_INFOPLIST_FILE = YES;
				INFOPLIST_FILE = HarbourWidgets/Info.plist;
				INFOPLIST_KEY_CFBundleDisplayName = HarbourWidgets;
				INFOPLIST_KEY_LSApplicationCategoryType = "";
				INFOPLIST_KEY_NSHumanReadableCopyright = "2025 shameful";
				IPHONEOS_DEPLOYMENT_TARGET = 18.0;
				LD_RUNPATH_SEARCH_PATHS = (
					"$(inherited)",
					"@executable_path/Frameworks",
					"@executable_path/../../Frameworks",
				);
				"LD_RUNPATH_SEARCH_PATHS[sdk=macosx*]" = (
					"$(inherited)",
					"@executable_path/../Frameworks",
					"@executable_path/../../../../Frameworks",
				);
				LOCALIZATION_PREFERS_STRING_CATALOGS = YES;
				MACOSX_DEPLOYMENT_TARGET = 15.0;
				MARKETING_VERSION = 4.2.5;
				PRODUCT_BUNDLE_IDENTIFIER = xyz.shameful.Harbour.Widgets;
				PRODUCT_NAME = "$(TARGET_NAME)";
				REGISTER_APP_GROUPS = YES;
				SDKROOT = auto;
				SKIP_INSTALL = YES;
				STRING_CATALOG_GENERATE_SYMBOLS = YES;
				SUPPORTED_PLATFORMS = "iphoneos iphonesimulator macosx";
				SWIFT_ACTIVE_COMPILATION_CONDITIONS = "$(inherited) TARGET_WIDGETS";
				SWIFT_EMIT_LOC_STRINGS = YES;
				TARGETED_DEVICE_FAMILY = "1,2";
			};
			name = Debug;
		};
		00A4AB9A2A34ECB70074E940 /* Release */ = {
			isa = XCBuildConfiguration;
			buildSettings = {
				ASSETCATALOG_COMPILER_GLOBAL_ACCENT_COLOR_NAME = AccentColor;
				ASSETCATALOG_COMPILER_WIDGET_BACKGROUND_COLOR_NAME = WidgetBackground;
				CODE_SIGN_ENTITLEMENTS = HarbourWidgets/Widgets.entitlements;
				CODE_SIGN_STYLE = Automatic;
				CURRENT_PROJECT_VERSION = 1;
				DEAD_CODE_STRIPPING = YES;
				DEVELOPMENT_ASSET_PATHS = "Shared/Preview\\ Content";
				ENABLE_APP_SANDBOX = YES;
				ENABLE_HARDENED_RUNTIME = YES;
				ENABLE_OUTGOING_NETWORK_CONNECTIONS = YES;
				GENERATE_INFOPLIST_FILE = YES;
				INFOPLIST_FILE = HarbourWidgets/Info.plist;
				INFOPLIST_KEY_CFBundleDisplayName = HarbourWidgets;
				INFOPLIST_KEY_LSApplicationCategoryType = "";
				INFOPLIST_KEY_NSHumanReadableCopyright = "2025 shameful";
				IPHONEOS_DEPLOYMENT_TARGET = 18.0;
				LD_RUNPATH_SEARCH_PATHS = (
					"$(inherited)",
					"@executable_path/Frameworks",
					"@executable_path/../../Frameworks",
				);
				"LD_RUNPATH_SEARCH_PATHS[sdk=macosx*]" = (
					"$(inherited)",
					"@executable_path/../Frameworks",
					"@executable_path/../../../../Frameworks",
				);
				LOCALIZATION_PREFERS_STRING_CATALOGS = YES;
				MACOSX_DEPLOYMENT_TARGET = 15.0;
				MARKETING_VERSION = 4.2.5;
				PRODUCT_BUNDLE_IDENTIFIER = xyz.shameful.Harbour.Widgets;
				PRODUCT_NAME = "$(TARGET_NAME)";
				REGISTER_APP_GROUPS = YES;
				SDKROOT = auto;
				SKIP_INSTALL = YES;
				STRING_CATALOG_GENERATE_SYMBOLS = YES;
				SUPPORTED_PLATFORMS = "iphoneos iphonesimulator macosx";
				SWIFT_ACTIVE_COMPILATION_CONDITIONS = "$(inherited) TARGET_WIDGETS";
				SWIFT_EMIT_LOC_STRINGS = YES;
				TARGETED_DEVICE_FAMILY = "1,2";
			};
			name = Release;
		};
		E7D6E6302884771400C79732 /* Debug */ = {
			isa = XCBuildConfiguration;
			buildSettings = {
				ALWAYS_SEARCH_USER_PATHS = NO;
				ASSETCATALOG_COMPILER_GENERATE_SWIFT_ASSET_SYMBOL_EXTENSIONS = YES;
				CLANG_ANALYZER_NONNULL = YES;
				CLANG_ANALYZER_NUMBER_OBJECT_CONVERSION = YES_AGGRESSIVE;
				CLANG_CXX_LANGUAGE_STANDARD = "gnu++20";
				CLANG_ENABLE_MODULES = YES;
				CLANG_ENABLE_OBJC_ARC = YES;
				CLANG_ENABLE_OBJC_WEAK = YES;
				CLANG_WARN_BLOCK_CAPTURE_AUTORELEASING = YES;
				CLANG_WARN_BOOL_CONVERSION = YES;
				CLANG_WARN_COMMA = YES;
				CLANG_WARN_CONSTANT_CONVERSION = YES;
				CLANG_WARN_DEPRECATED_OBJC_IMPLEMENTATIONS = YES;
				CLANG_WARN_DIRECT_OBJC_ISA_USAGE = YES_ERROR;
				CLANG_WARN_DOCUMENTATION_COMMENTS = YES;
				CLANG_WARN_EMPTY_BODY = YES;
				CLANG_WARN_ENUM_CONVERSION = YES;
				CLANG_WARN_INFINITE_RECURSION = YES;
				CLANG_WARN_INT_CONVERSION = YES;
				CLANG_WARN_NON_LITERAL_NULL_CONVERSION = YES;
				CLANG_WARN_OBJC_IMPLICIT_RETAIN_SELF = YES;
				CLANG_WARN_OBJC_LITERAL_CONVERSION = YES;
				CLANG_WARN_OBJC_ROOT_CLASS = YES_ERROR;
				CLANG_WARN_QUOTED_INCLUDE_IN_FRAMEWORK_HEADER = YES;
				CLANG_WARN_RANGE_LOOP_ANALYSIS = YES;
				CLANG_WARN_STRICT_PROTOTYPES = YES;
				CLANG_WARN_SUSPICIOUS_MOVE = YES;
				CLANG_WARN_UNGUARDED_AVAILABILITY = YES_AGGRESSIVE;
				CLANG_WARN_UNREACHABLE_CODE = YES;
				CLANG_WARN__DUPLICATE_METHOD_MATCH = YES;
				COPY_PHASE_STRIP = NO;
				DEBUG_INFORMATION_FORMAT = dwarf;
				DEVELOPMENT_TEAM = WPN9Y7CDCT;
				ENABLE_STRICT_OBJC_MSGSEND = YES;
				ENABLE_TESTABILITY = YES;
				ENABLE_USER_SCRIPT_SANDBOXING = YES;
				GCC_C_LANGUAGE_STANDARD = gnu11;
				GCC_DYNAMIC_NO_PIC = NO;
				GCC_NO_COMMON_BLOCKS = YES;
				GCC_OPTIMIZATION_LEVEL = 0;
				GCC_PREPROCESSOR_DEFINITIONS = (
					"DEBUG=1",
					"$(inherited)",
				);
				GCC_WARN_64_TO_32_BIT_CONVERSION = YES;
				GCC_WARN_ABOUT_RETURN_TYPE = YES_ERROR;
				GCC_WARN_UNDECLARED_SELECTOR = YES;
				GCC_WARN_UNINITIALIZED_AUTOS = YES_AGGRESSIVE;
				GCC_WARN_UNUSED_FUNCTION = YES;
				GCC_WARN_UNUSED_VARIABLE = YES;
				IPHONEOS_DEPLOYMENT_TARGET = 17.0;
				LOCALIZATION_PREFERS_STRING_CATALOGS = YES;
				MTL_ENABLE_DEBUG_INFO = INCLUDE_SOURCE;
				MTL_FAST_MATH = YES;
				ONLY_ACTIVE_ARCH = YES;
				SDKROOT = iphoneos;
				STRING_CATALOG_GENERATE_SYMBOLS = YES;
				SWIFT_ACTIVE_COMPILATION_CONDITIONS = DEBUG;
				SWIFT_APPROACHABLE_CONCURRENCY = YES;
				SWIFT_EMIT_LOC_STRINGS = YES;
				SWIFT_OPTIMIZATION_LEVEL = "-Onone";
				SWIFT_VERSION = 6.0;
			};
			name = Debug;
		};
		E7D6E6312884771400C79732 /* Release */ = {
			isa = XCBuildConfiguration;
			buildSettings = {
				ALWAYS_SEARCH_USER_PATHS = NO;
				ASSETCATALOG_COMPILER_GENERATE_SWIFT_ASSET_SYMBOL_EXTENSIONS = YES;
				CLANG_ANALYZER_NONNULL = YES;
				CLANG_ANALYZER_NUMBER_OBJECT_CONVERSION = YES_AGGRESSIVE;
				CLANG_CXX_LANGUAGE_STANDARD = "gnu++20";
				CLANG_ENABLE_MODULES = YES;
				CLANG_ENABLE_OBJC_ARC = YES;
				CLANG_ENABLE_OBJC_WEAK = YES;
				CLANG_WARN_BLOCK_CAPTURE_AUTORELEASING = YES;
				CLANG_WARN_BOOL_CONVERSION = YES;
				CLANG_WARN_COMMA = YES;
				CLANG_WARN_CONSTANT_CONVERSION = YES;
				CLANG_WARN_DEPRECATED_OBJC_IMPLEMENTATIONS = YES;
				CLANG_WARN_DIRECT_OBJC_ISA_USAGE = YES_ERROR;
				CLANG_WARN_DOCUMENTATION_COMMENTS = YES;
				CLANG_WARN_EMPTY_BODY = YES;
				CLANG_WARN_ENUM_CONVERSION = YES;
				CLANG_WARN_INFINITE_RECURSION = YES;
				CLANG_WARN_INT_CONVERSION = YES;
				CLANG_WARN_NON_LITERAL_NULL_CONVERSION = YES;
				CLANG_WARN_OBJC_IMPLICIT_RETAIN_SELF = YES;
				CLANG_WARN_OBJC_LITERAL_CONVERSION = YES;
				CLANG_WARN_OBJC_ROOT_CLASS = YES_ERROR;
				CLANG_WARN_QUOTED_INCLUDE_IN_FRAMEWORK_HEADER = YES;
				CLANG_WARN_RANGE_LOOP_ANALYSIS = YES;
				CLANG_WARN_STRICT_PROTOTYPES = YES;
				CLANG_WARN_SUSPICIOUS_MOVE = YES;
				CLANG_WARN_UNGUARDED_AVAILABILITY = YES_AGGRESSIVE;
				CLANG_WARN_UNREACHABLE_CODE = YES;
				CLANG_WARN__DUPLICATE_METHOD_MATCH = YES;
				COPY_PHASE_STRIP = NO;
				DEBUG_INFORMATION_FORMAT = "dwarf-with-dsym";
				DEVELOPMENT_TEAM = WPN9Y7CDCT;
				ENABLE_NS_ASSERTIONS = NO;
				ENABLE_STRICT_OBJC_MSGSEND = YES;
				ENABLE_USER_SCRIPT_SANDBOXING = YES;
				GCC_C_LANGUAGE_STANDARD = gnu11;
				GCC_NO_COMMON_BLOCKS = YES;
				GCC_WARN_64_TO_32_BIT_CONVERSION = YES;
				GCC_WARN_ABOUT_RETURN_TYPE = YES_ERROR;
				GCC_WARN_UNDECLARED_SELECTOR = YES;
				GCC_WARN_UNINITIALIZED_AUTOS = YES_AGGRESSIVE;
				GCC_WARN_UNUSED_FUNCTION = YES;
				GCC_WARN_UNUSED_VARIABLE = YES;
				IPHONEOS_DEPLOYMENT_TARGET = 17.0;
				LOCALIZATION_PREFERS_STRING_CATALOGS = YES;
				MTL_ENABLE_DEBUG_INFO = NO;
				MTL_FAST_MATH = YES;
				SDKROOT = iphoneos;
				STRING_CATALOG_GENERATE_SYMBOLS = YES;
				SWIFT_APPROACHABLE_CONCURRENCY = YES;
				SWIFT_COMPILATION_MODE = wholemodule;
				SWIFT_EMIT_LOC_STRINGS = YES;
				SWIFT_OPTIMIZATION_LEVEL = "-O";
				SWIFT_VERSION = 6.0;
				VALIDATE_PRODUCT = YES;
			};
			name = Release;
		};
		E7D6E6332884771400C79732 /* Debug */ = {
			isa = XCBuildConfiguration;
			buildSettings = {
				ASSETCATALOG_COMPILER_APPICON_NAME = AppIcon;
				ASSETCATALOG_COMPILER_GLOBAL_ACCENT_COLOR_NAME = AccentColor;
				ASSETCATALOG_COMPILER_INCLUDE_ALL_APPICON_ASSETS = YES;
				CODE_SIGN_ENTITLEMENTS = Harbour/Harbour.entitlements;
				CODE_SIGN_STYLE = Automatic;
				CURRENT_PROJECT_VERSION = 1;
				DEVELOPMENT_ASSET_PATHS = "Shared/Preview\\ Content/Preview\\ Assets.xcassets";
				ENABLE_APP_SANDBOX = YES;
				"ENABLE_HARDENED_RUNTIME[sdk=macosx*]" = YES;
				ENABLE_OUTGOING_NETWORK_CONNECTIONS = YES;
				ENABLE_USER_SELECTED_FILES = readonly;
				GENERATE_INFOPLIST_FILE = YES;
				INFOPLIST_FILE = Harbour/Info.plist;
				INFOPLIST_KEY_CFBundleDisplayName = Harbour;
				INFOPLIST_KEY_ITSAppUsesNonExemptEncryption = NO;
				INFOPLIST_KEY_LSApplicationCategoryType = "public.app-category.productivity";
				INFOPLIST_KEY_NSHumanReadableCopyright = "2025 shameful";
				INFOPLIST_KEY_UILaunchScreen_Generation = YES;
				INFOPLIST_KEY_UISupportedInterfaceOrientations = "UIInterfaceOrientationLandscapeLeft UIInterfaceOrientationLandscapeRight UIInterfaceOrientationPortrait";
				INFOPLIST_KEY_UISupportedInterfaceOrientations_iPad = "UIInterfaceOrientationLandscapeLeft UIInterfaceOrientationLandscapeRight UIInterfaceOrientationPortrait UIInterfaceOrientationPortraitUpsideDown";
				IPHONEOS_DEPLOYMENT_TARGET = 18.0;
				LD_RUNPATH_SEARCH_PATHS = (
					"$(inherited)",
					"@executable_path/Frameworks",
				);
				MACOSX_DEPLOYMENT_TARGET = 15.0;
				MARKETING_VERSION = 4.2.5;
				PRODUCT_BUNDLE_IDENTIFIER = xyz.shameful.Harbour;
				PRODUCT_NAME = "$(TARGET_NAME)";
				REGISTER_APP_GROUPS = YES;
				STRING_CATALOG_GENERATE_SYMBOLS = YES;
				SUPPORTED_PLATFORMS = "iphoneos iphonesimulator macosx";
				SUPPORTS_MACCATALYST = NO;
				SUPPORTS_MAC_DESIGNED_FOR_IPHONE_IPAD = NO;
				SUPPORTS_XR_DESIGNED_FOR_IPHONE_IPAD = NO;
				SWIFT_ACTIVE_COMPILATION_CONDITIONS = "$(inherited) TARGET_APP ENABLE_PREVIEW_FEATURES";
				SWIFT_APPROACHABLE_CONCURRENCY = YES;
				SWIFT_EMIT_LOC_STRINGS = YES;
				TARGETED_DEVICE_FAMILY = "1,2";
			};
			name = Debug;
		};
		E7D6E6342884771400C79732 /* Release */ = {
			isa = XCBuildConfiguration;
			buildSettings = {
				ASSETCATALOG_COMPILER_APPICON_NAME = AppIcon;
				ASSETCATALOG_COMPILER_GLOBAL_ACCENT_COLOR_NAME = AccentColor;
				ASSETCATALOG_COMPILER_INCLUDE_ALL_APPICON_ASSETS = YES;
				CODE_SIGN_ENTITLEMENTS = Harbour/Harbour.entitlements;
				CODE_SIGN_STYLE = Automatic;
				CURRENT_PROJECT_VERSION = 1;
				DEVELOPMENT_ASSET_PATHS = "Shared/Preview\\ Content/Preview\\ Assets.xcassets";
				ENABLE_APP_SANDBOX = YES;
				"ENABLE_HARDENED_RUNTIME[sdk=macosx*]" = YES;
				ENABLE_OUTGOING_NETWORK_CONNECTIONS = YES;
				ENABLE_USER_SELECTED_FILES = readonly;
				GENERATE_INFOPLIST_FILE = YES;
				INFOPLIST_FILE = Harbour/Info.plist;
				INFOPLIST_KEY_CFBundleDisplayName = Harbour;
				INFOPLIST_KEY_ITSAppUsesNonExemptEncryption = NO;
				INFOPLIST_KEY_LSApplicationCategoryType = "public.app-category.productivity";
				INFOPLIST_KEY_NSHumanReadableCopyright = "2025 shameful";
				INFOPLIST_KEY_UILaunchScreen_Generation = YES;
				INFOPLIST_KEY_UISupportedInterfaceOrientations = "UIInterfaceOrientationLandscapeLeft UIInterfaceOrientationLandscapeRight UIInterfaceOrientationPortrait";
				INFOPLIST_KEY_UISupportedInterfaceOrientations_iPad = "UIInterfaceOrientationLandscapeLeft UIInterfaceOrientationLandscapeRight UIInterfaceOrientationPortrait UIInterfaceOrientationPortraitUpsideDown";
				IPHONEOS_DEPLOYMENT_TARGET = 18.0;
				LD_RUNPATH_SEARCH_PATHS = (
					"$(inherited)",
					"@executable_path/Frameworks",
				);
				MACOSX_DEPLOYMENT_TARGET = 15.0;
				MARKETING_VERSION = 4.2.5;
				PRODUCT_BUNDLE_IDENTIFIER = xyz.shameful.Harbour;
				PRODUCT_NAME = "$(TARGET_NAME)";
				REGISTER_APP_GROUPS = YES;
				STRING_CATALOG_GENERATE_SYMBOLS = YES;
				SUPPORTED_PLATFORMS = "iphoneos iphonesimulator macosx";
				SUPPORTS_MACCATALYST = NO;
				SUPPORTS_MAC_DESIGNED_FOR_IPHONE_IPAD = NO;
				SUPPORTS_XR_DESIGNED_FOR_IPHONE_IPAD = NO;
				SWIFT_ACTIVE_COMPILATION_CONDITIONS = "$(inherited) TARGET_APP";
				SWIFT_APPROACHABLE_CONCURRENCY = YES;
				SWIFT_EMIT_LOC_STRINGS = YES;
				TARGETED_DEVICE_FAMILY = "1,2";
			};
			name = Release;
		};
/* End XCBuildConfiguration section */

/* Begin XCConfigurationList section */
		00A4AB982A34ECB70074E940 /* Build configuration list for PBXNativeTarget "HarbourWidgets" */ = {
			isa = XCConfigurationList;
			buildConfigurations = (
				00A4AB992A34ECB70074E940 /* Debug */,
				00A4AB9A2A34ECB70074E940 /* Release */,
			);
			defaultConfigurationIsVisible = 0;
			defaultConfigurationName = Release;
		};
		E7D6E61F2884771200C79732 /* Build configuration list for PBXProject "Harbour" */ = {
			isa = XCConfigurationList;
			buildConfigurations = (
				E7D6E6302884771400C79732 /* Debug */,
				E7D6E6312884771400C79732 /* Release */,
			);
			defaultConfigurationIsVisible = 0;
			defaultConfigurationName = Release;
		};
		E7D6E6322884771400C79732 /* Build configuration list for PBXNativeTarget "Harbour" */ = {
			isa = XCConfigurationList;
			buildConfigurations = (
				E7D6E6332884771400C79732 /* Debug */,
				E7D6E6342884771400C79732 /* Release */,
			);
			defaultConfigurationIsVisible = 0;
			defaultConfigurationName = Release;
		};
/* End XCConfigurationList section */

/* Begin XCRemoteSwiftPackageReference section */
		000E16E62B6A74C1007F611A /* XCRemoteSwiftPackageReference "SwiftLintPlugin" */ = {
			isa = XCRemoteSwiftPackageReference;
			repositoryURL = "https://github.com/lukepistrol/SwiftLintPlugin";
			requirement = {
				kind = upToNextMajorVersion;
				minimumVersion = 0.59.1;
			};
		};
		00242F472B2C911300636A5B /* XCRemoteSwiftPackageReference "IndicatorsKit" */ = {
			isa = XCRemoteSwiftPackageReference;
			repositoryURL = "https://github.com/rrroyal/IndicatorsKit";
			requirement = {
				branch = develop;
				kind = branch;
			};
		};
		00242F4C2B2C917F00636A5B /* XCRemoteSwiftPackageReference "KeychainKit" */ = {
			isa = XCRemoteSwiftPackageReference;
			repositoryURL = "https://github.com/rrroyal/KeychainKit";
			requirement = {
				branch = main;
				kind = branch;
			};
		};
		00242F4F2B2C918A00636A5B /* XCRemoteSwiftPackageReference "CommonsKit" */ = {
			isa = XCRemoteSwiftPackageReference;
			repositoryURL = "https://github.com/rrroyal/CommonsKit";
			requirement = {
				branch = main;
				kind = branch;
			};
		};
/* End XCRemoteSwiftPackageReference section */

/* Begin XCSwiftPackageProductDependency section */
		00242F482B2C911300636A5B /* IndicatorsKit */ = {
			isa = XCSwiftPackageProductDependency;
			package = 00242F472B2C911300636A5B /* XCRemoteSwiftPackageReference "IndicatorsKit" */;
			productName = IndicatorsKit;
		};
		00242F4D2B2C917F00636A5B /* KeychainKit */ = {
			isa = XCSwiftPackageProductDependency;
			package = 00242F4C2B2C917F00636A5B /* XCRemoteSwiftPackageReference "KeychainKit" */;
			productName = KeychainKit;
		};
		00242F502B2C919F00636A5B /* KeychainKit */ = {
			isa = XCSwiftPackageProductDependency;
			package = 00242F4C2B2C917F00636A5B /* XCRemoteSwiftPackageReference "KeychainKit" */;
			productName = KeychainKit;
		};
		00242F542B2C91B500636A5B /* CommonOSLog */ = {
			isa = XCSwiftPackageProductDependency;
			package = 00242F4F2B2C918A00636A5B /* XCRemoteSwiftPackageReference "CommonsKit" */;
			productName = CommonOSLog;
		};
		00242F582B2C91C000636A5B /* CommonFoundation */ = {
			isa = XCSwiftPackageProductDependency;
			package = 00242F4F2B2C918A00636A5B /* XCRemoteSwiftPackageReference "CommonsKit" */;
			productName = CommonFoundation;
		};
		00242F5C2B2C91DB00636A5B /* CommonHaptics */ = {
			isa = XCSwiftPackageProductDependency;
			package = 00242F4F2B2C918A00636A5B /* XCRemoteSwiftPackageReference "CommonsKit" */;
			productName = CommonHaptics;
		};
		00242F602B2C91ED00636A5B /* CommonOSLog */ = {
			isa = XCSwiftPackageProductDependency;
			package = 00242F4F2B2C918A00636A5B /* XCRemoteSwiftPackageReference "CommonsKit" */;
			productName = CommonOSLog;
		};
		00242F642B2C91FA00636A5B /* CommonFoundation */ = {
			isa = XCSwiftPackageProductDependency;
			package = 00242F4F2B2C918A00636A5B /* XCRemoteSwiftPackageReference "CommonsKit" */;
			productName = CommonFoundation;
		};
		005F29302BB2EE9B0014000F /* Navigation */ = {
			isa = XCSwiftPackageProductDependency;
			productName = Navigation;
		};
		005F29322BB2EEA20014000F /* Navigation */ = {
			isa = XCSwiftPackageProductDependency;
			productName = Navigation;
		};
		007644772BBF18870015BD8A /* PortainerKit */ = {
			isa = XCSwiftPackageProductDependency;
			productName = PortainerKit;
		};
		007644792BBF18A30015BD8A /* PortainerKit */ = {
			isa = XCSwiftPackageProductDependency;
			productName = PortainerKit;
		};
		00A9F1F22C1B4F760039700C /* SwiftLint */ = {
			isa = XCSwiftPackageProductDependency;
			package = 000E16E62B6A74C1007F611A /* XCRemoteSwiftPackageReference "SwiftLintPlugin" */;
			productName = "plugin:SwiftLint";
		};
		00A9F1F42C1B4F830039700C /* SwiftLint */ = {
			isa = XCSwiftPackageProductDependency;
			package = 000E16E62B6A74C1007F611A /* XCRemoteSwiftPackageReference "SwiftLintPlugin" */;
			productName = "plugin:SwiftLint";
		};
/* End XCSwiftPackageProductDependency section */
	};
	rootObject = E7D6E61C2884771200C79732 /* Project object */;
}
