// !$*UTF8*$!
{
	archiveVersion = 1;
	classes = {
	};
	objectVersion = 55;
	objects = {

/* Begin PBXBuildFile section */
		E70A5CEF27220C4300FF6672 /* EnvironmentValues+.swift in Sources */ = {isa = PBXBuildFile; fileRef = E70A5CEE27220C4300FF6672 /* EnvironmentValues+.swift */; };
		E70A5CF127220D2900FF6672 /* ContainersView.swift in Sources */ = {isa = PBXBuildFile; fileRef = E70A5CF027220D2900FF6672 /* ContainersView.swift */; };
		E70A5CF8272210DA00FF6672 /* ContainerCellBackground.swift in Sources */ = {isa = PBXBuildFile; fileRef = E70A5CF7272210DA00FF6672 /* ContainerCellBackground.swift */; };
		E720D0202720B838004A21FD /* DisclosureSection.swift in Sources */ = {isa = PBXBuildFile; fileRef = E720D01F2720B838004A21FD /* DisclosureSection.swift */; };
		E72112EA267F496B00D6004D /* LabeledSection.swift in Sources */ = {isa = PBXBuildFile; fileRef = E72112E9267F496B00D6004D /* LabeledSection.swift */; };
		E7272E8A26736CCF00228494 /* PortainerKit+.swift in Sources */ = {isa = PBXBuildFile; fileRef = E7272E8926736CCF00228494 /* PortainerKit+.swift */; };
		E7339C562674236700A55B5C /* ContainerContextMenu.swift in Sources */ = {isa = PBXBuildFile; fileRef = E7339C552674236700A55B5C /* ContainerContextMenu.swift */; };
		E7339C582674262500A55B5C /* String+.swift in Sources */ = {isa = PBXBuildFile; fileRef = E7339C572674262500A55B5C /* String+.swift */; };
		E737EC7B277B4ADC00E5701D /* Keychain in Frameworks */ = {isa = PBXBuildFile; productRef = E737EC7A277B4ADC00E5701D /* Keychain */; };
		E73D01FC279C04BB00F5AAC2 /* BackgroundTasks.swift in Sources */ = {isa = PBXBuildFile; fileRef = E73D01FB279C04BB00F5AAC2 /* BackgroundTasks.swift */; };
		E74598FB27AE857600688066 /* Portainer.swift in Sources */ = {isa = PBXBuildFile; fileRef = E7BF9E772672E17D00AAB6A1 /* Portainer.swift */; };
		E74598FC27AE857600688066 /* Portainer.swift in Sources */ = {isa = PBXBuildFile; fileRef = E7BF9E772672E17D00AAB6A1 /* Portainer.swift */; };
		E748BD48271CA421007C4F15 /* AppDelegate.swift in Sources */ = {isa = PBXBuildFile; fileRef = E748BD47271CA421007C4F15 /* AppDelegate.swift */; };
		E74AA0D127B1C0F700B58F17 /* Localization.swift in Sources */ = {isa = PBXBuildFile; fileRef = E74AA0D027B1C0F700B58F17 /* Localization.swift */; };
		E74AA0D227B1C0FB00B58F17 /* Localization.swift in Sources */ = {isa = PBXBuildFile; fileRef = E74AA0D027B1C0F700B58F17 /* Localization.swift */; };
		E74AA0D327B1C0FC00B58F17 /* Localization.swift in Sources */ = {isa = PBXBuildFile; fileRef = E74AA0D027B1C0F700B58F17 /* Localization.swift */; };
		E74AC7F526768564003411AA /* Portainer+AttachedContainer.swift in Sources */ = {isa = PBXBuildFile; fileRef = E74AC7F426768564003411AA /* Portainer+AttachedContainer.swift */; };
		E74C8FEF27B29E6A00CC1DF3 /* Harbour.xcdatamodeld in Sources */ = {isa = PBXBuildFile; fileRef = E74C8FED27B29E6A00CC1DF3 /* Harbour.xcdatamodeld */; };
		E74C8FF027B29E6A00CC1DF3 /* Harbour.xcdatamodeld in Sources */ = {isa = PBXBuildFile; fileRef = E74C8FED27B29E6A00CC1DF3 /* Harbour.xcdatamodeld */; };
		E74C8FF127B29E6A00CC1DF3 /* Harbour.xcdatamodeld in Sources */ = {isa = PBXBuildFile; fileRef = E74C8FED27B29E6A00CC1DF3 /* Harbour.xcdatamodeld */; };
		E751F054270B0B5000980DCA /* Indicators in Frameworks */ = {isa = PBXBuildFile; productRef = E751F053270B0B5000980DCA /* Indicators */; };
		E751F059270B314700980DCA /* ContainersListView.swift in Sources */ = {isa = PBXBuildFile; fileRef = E751F058270B314700980DCA /* ContainersListView.swift */; };
		E751F05B270B315200980DCA /* ContainersListView+ContainerCell.swift in Sources */ = {isa = PBXBuildFile; fileRef = E751F05A270B315200980DCA /* ContainersListView+ContainerCell.swift */; };
		E751F05D270B315B00980DCA /* ContainersGridView.swift in Sources */ = {isa = PBXBuildFile; fileRef = E751F05C270B315B00980DCA /* ContainersGridView.swift */; };
		E751F05F270B316400980DCA /* ContainersGridView+ContainerCell.swift in Sources */ = {isa = PBXBuildFile; fileRef = E751F05E270B316400980DCA /* ContainersGridView+ContainerCell.swift */; };
		E751F063270B37DA00980DCA /* Array+.swift in Sources */ = {isa = PBXBuildFile; fileRef = E751F062270B37DA00980DCA /* Array+.swift */; };
		E75A51D8267384E100857D2B /* AppState.swift in Sources */ = {isa = PBXBuildFile; fileRef = E75A51D7267384E100857D2B /* AppState.swift */; };
		E75A51DE26738A2000857D2B /* ContainerDetailView.swift in Sources */ = {isa = PBXBuildFile; fileRef = E75A51DD26738A2000857D2B /* ContainerDetailView.swift */; };
		E75A51E026739ED100857D2B /* Preferences.swift in Sources */ = {isa = PBXBuildFile; fileRef = E75A51DF26739ED100857D2B /* Preferences.swift */; };
		E75A51E22673A1C100857D2B /* Bundle+.swift in Sources */ = {isa = PBXBuildFile; fileRef = E75A51E12673A1C100857D2B /* Bundle+.swift */; };
		E75A51E42673A4F000857D2B /* NavigationLinkLabel.swift in Sources */ = {isa = PBXBuildFile; fileRef = E75A51E32673A4F000857D2B /* NavigationLinkLabel.swift */; };
		E75A51E62673A75700857D2B /* ContainerMountsDetailsView.swift in Sources */ = {isa = PBXBuildFile; fileRef = E75A51E52673A75700857D2B /* ContainerMountsDetailsView.swift */; };
		E75A51E82673A78300857D2B /* ContainerNetworkDetailsView.swift in Sources */ = {isa = PBXBuildFile; fileRef = E75A51E72673A78300857D2B /* ContainerNetworkDetailsView.swift */; };
		E75A51EA2673A79700857D2B /* ContainerLogsView.swift in Sources */ = {isa = PBXBuildFile; fileRef = E75A51E92673A79700857D2B /* ContainerLogsView.swift */; };
		E75A51EC2673A7F300857D2B /* ContainerConfigDetailsView.swift in Sources */ = {isa = PBXBuildFile; fileRef = E75A51EB2673A7F300857D2B /* ContainerConfigDetailsView.swift */; };
		E75A51EE2673B17B00857D2B /* Labeled.swift in Sources */ = {isa = PBXBuildFile; fileRef = E75A51ED2673B17B00857D2B /* Labeled.swift */; };
		E75A51F02673CE3500857D2B /* View+Shared.swift in Sources */ = {isa = PBXBuildFile; fileRef = E75A51EF2673CE3500857D2B /* View+Shared.swift */; };
		E7685BBF26769B2500CD592E /* PortainerKit in Frameworks */ = {isa = PBXBuildFile; productRef = E7685BBE26769B2500CD592E /* PortainerKit */; };
		E76B26ED267518AA000F437D /* RoundedTextFieldStyle.swift in Sources */ = {isa = PBXBuildFile; fileRef = E76B26EC267518AA000F437D /* RoundedTextFieldStyle.swift */; };
		E7748E7D267E831B00456BFD /* UIWindow+.swift in Sources */ = {isa = PBXBuildFile; fileRef = E7748E7C267E831B00456BFD /* UIWindow+.swift */; };
		E7748E7F267E835600456BFD /* Notification+.swift in Sources */ = {isa = PBXBuildFile; fileRef = E7748E7E267E835600456BFD /* Notification+.swift */; };
		E77610CB279DEAA60034BFFB /* Portainer+.swift in Sources */ = {isa = PBXBuildFile; fileRef = E7BD393C27922DB800D3A7E6 /* Portainer+.swift */; };
		E77610CD279DEAA60034BFFB /* Portainer+.swift in Sources */ = {isa = PBXBuildFile; fileRef = E7BD393C27922DB800D3A7E6 /* Portainer+.swift */; };
		E77717BB27935E8200DED48D /* Intents.intentdefinition in Sources */ = {isa = PBXBuildFile; fileRef = E79F4CAD27935DEF007FBAF6 /* Intents.intentdefinition */; };
		E77717BD27935F4E00DED48D /* ContainerStatusIntentHandler.swift in Sources */ = {isa = PBXBuildFile; fileRef = E77717BC27935F4E00DED48D /* ContainerStatusIntentHandler.swift */; };
		E77717BF27935F8E00DED48D /* PortainerKit+.swift in Sources */ = {isa = PBXBuildFile; fileRef = E7272E8926736CCF00228494 /* PortainerKit+.swift */; };
		E77717C027935F8E00DED48D /* Array+.swift in Sources */ = {isa = PBXBuildFile; fileRef = E751F062270B37DA00980DCA /* Array+.swift */; };
		E77717C127935F8E00DED48D /* Bundle+.swift in Sources */ = {isa = PBXBuildFile; fileRef = E75A51E12673A1C100857D2B /* Bundle+.swift */; };
		E77717C227935F8E00DED48D /* String+.swift in Sources */ = {isa = PBXBuildFile; fileRef = E7339C572674262500A55B5C /* String+.swift */; };
		E77717C327935F9100DED48D /* Localizable.strings in Resources */ = {isa = PBXBuildFile; fileRef = E77C5FBB267EA4E5000B4994 /* Localizable.strings */; };
		E77717C527935F9900DED48D /* Preferences.swift in Sources */ = {isa = PBXBuildFile; fileRef = E75A51DF26739ED100857D2B /* Preferences.swift */; };
		E77717C927935FDD00DED48D /* PortainerKit in Frameworks */ = {isa = PBXBuildFile; productRef = E77717C827935FDD00DED48D /* PortainerKit */; };
		E77717CB27935FE600DED48D /* Keychain in Frameworks */ = {isa = PBXBuildFile; productRef = E77717CA27935FE600DED48D /* Keychain */; };
		E77717CD2793794A00DED48D /* ExecuteActionIntentHandler.swift in Sources */ = {isa = PBXBuildFile; fileRef = E77717CC2793794A00DED48D /* ExecuteActionIntentHandler.swift */; };
		E77C5FB3267E9B99000B4994 /* DebugView.swift in Sources */ = {isa = PBXBuildFile; fileRef = E77C5FB2267E9B99000B4994 /* DebugView.swift */; };
		E77C5FB5267E9D1A000B4994 /* SetupView.swift in Sources */ = {isa = PBXBuildFile; fileRef = E77C5FB4267E9D1A000B4994 /* SetupView.swift */; };
		E77C5FB9267EA4E5000B4994 /* Localizable.strings in Resources */ = {isa = PBXBuildFile; fileRef = E77C5FBB267EA4E5000B4994 /* Localizable.strings */; };
		E788E1F527957DC300F24CAB /* WidgetKit.framework in Frameworks */ = {isa = PBXBuildFile; fileRef = E7BD390D2792238100D3A7E6 /* WidgetKit.framework */; platformFilter = maccatalyst; };
		E788E1F627957DC300F24CAB /* SwiftUI.framework in Frameworks */ = {isa = PBXBuildFile; fileRef = E7BD390F2792238100D3A7E6 /* SwiftUI.framework */; platformFilter = maccatalyst; };
		E788E1F927957DC300F24CAB /* Widgets.swift in Sources */ = {isa = PBXBuildFile; fileRef = E788E1F827957DC300F24CAB /* Widgets.swift */; };
		E788E1FC27957DC500F24CAB /* Assets.xcassets in Resources */ = {isa = PBXBuildFile; fileRef = E788E1FB27957DC500F24CAB /* Assets.xcassets */; };
		E788E20227957DC500F24CAB /* HarbourWidgets.appex in Embed App Extensions */ = {isa = PBXBuildFile; fileRef = E788E1F427957DC300F24CAB /* HarbourWidgets.appex */; settings = {ATTRIBUTES = (RemoveHeadersOnCopy, ); }; };
		E788E20727957E1300F24CAB /* Intents.intentdefinition in Sources */ = {isa = PBXBuildFile; fileRef = E79F4CAD27935DEF007FBAF6 /* Intents.intentdefinition */; };
		E788E20A27957E8A00F24CAB /* ContainerStatusWidget.swift in Sources */ = {isa = PBXBuildFile; fileRef = E788E20927957E8A00F24CAB /* ContainerStatusWidget.swift */; };
		E788E20C27957EBD00F24CAB /* ContainerStatusWidget+WidgetView.swift in Sources */ = {isa = PBXBuildFile; fileRef = E788E20B27957EBD00F24CAB /* ContainerStatusWidget+WidgetView.swift */; };
		E788E20D27957FA300F24CAB /* View+Shared.swift in Sources */ = {isa = PBXBuildFile; fileRef = E75A51EF2673CE3500857D2B /* View+Shared.swift */; };
		E788E20E27957FA300F24CAB /* Array+.swift in Sources */ = {isa = PBXBuildFile; fileRef = E751F062270B37DA00980DCA /* Array+.swift */; };
		E788E21227957FA300F24CAB /* Preferences.swift in Sources */ = {isa = PBXBuildFile; fileRef = E75A51DF26739ED100857D2B /* Preferences.swift */; };
		E788E21427957FA300F24CAB /* PortainerKit+.swift in Sources */ = {isa = PBXBuildFile; fileRef = E7272E8926736CCF00228494 /* PortainerKit+.swift */; };
		E788E21527957FA300F24CAB /* String+.swift in Sources */ = {isa = PBXBuildFile; fileRef = E7339C572674262500A55B5C /* String+.swift */; };
		E788E21627957FA300F24CAB /* Bundle+.swift in Sources */ = {isa = PBXBuildFile; fileRef = E75A51E12673A1C100857D2B /* Bundle+.swift */; };
		E788E21727957FA600F24CAB /* Localizable.strings in Resources */ = {isa = PBXBuildFile; fileRef = E77C5FBB267EA4E5000B4994 /* Localizable.strings */; };
		E788E2192795835800F24CAB /* PortainerKit in Frameworks */ = {isa = PBXBuildFile; productRef = E788E2182795835800F24CAB /* PortainerKit */; };
		E788E21B2795835B00F24CAB /* Keychain in Frameworks */ = {isa = PBXBuildFile; productRef = E788E21A2795835B00F24CAB /* Keychain */; };
		E788E21E2795A74C00F24CAB /* HarbourURLScheme.swift in Sources */ = {isa = PBXBuildFile; fileRef = E788E21D2795A74C00F24CAB /* HarbourURLScheme.swift */; };
		E788E21F2795A74F00F24CAB /* HarbourURLScheme.swift in Sources */ = {isa = PBXBuildFile; fileRef = E788E21D2795A74C00F24CAB /* HarbourURLScheme.swift */; };
		E788E2202795A75000F24CAB /* HarbourURLScheme.swift in Sources */ = {isa = PBXBuildFile; fileRef = E788E21D2795A74C00F24CAB /* HarbourURLScheme.swift */; };
		E7992A4426BF3BA3007335CA /* ToolbarTitle.swift in Sources */ = {isa = PBXBuildFile; fileRef = E7992A4326BF3BA3007335CA /* ToolbarTitle.swift */; };
		E79F4CA127935DD1007FBAF6 /* Intents.framework in Frameworks */ = {isa = PBXBuildFile; fileRef = E79F4CA027935DD1007FBAF6 /* Intents.framework */; platformFilter = maccatalyst; };
		E79F4CA427935DD1007FBAF6 /* IntentHandler.swift in Sources */ = {isa = PBXBuildFile; fileRef = E79F4CA327935DD1007FBAF6 /* IntentHandler.swift */; };
		E79F4CA827935DD1007FBAF6 /* HarbourIntents.appex in Embed App Extensions */ = {isa = PBXBuildFile; fileRef = E79F4C9F27935DD1007FBAF6 /* HarbourIntents.appex */; settings = {ATTRIBUTES = (RemoveHeadersOnCopy, ); }; };
		E79F4CAE27935DEF007FBAF6 /* Intents.intentdefinition in Sources */ = {isa = PBXBuildFile; fileRef = E79F4CAD27935DEF007FBAF6 /* Intents.intentdefinition */; };
		E79F6643279D74F500D15616 /* Error+.swift in Sources */ = {isa = PBXBuildFile; fileRef = E79F6642279D74F500D15616 /* Error+.swift */; };
		E79F6644279D74FC00D15616 /* Error+.swift in Sources */ = {isa = PBXBuildFile; fileRef = E79F6642279D74F500D15616 /* Error+.swift */; };
		E79F6645279D74FD00D15616 /* Error+.swift in Sources */ = {isa = PBXBuildFile; fileRef = E79F6642279D74F500D15616 /* Error+.swift */; };
		E7A661FC27230EC000B872EA /* AppState+UserActivity.swift in Sources */ = {isa = PBXBuildFile; fileRef = E7A661FB27230EC000B872EA /* AppState+UserActivity.swift */; };
		E7ABFB952722BD2500054FB7 /* SceneState.swift in Sources */ = {isa = PBXBuildFile; fileRef = E7ABFB942722BD2500054FB7 /* SceneState.swift */; };
		E7ABFD2B277CA6D300D475C0 /* UIApplication+.swift in Sources */ = {isa = PBXBuildFile; fileRef = E7ABFD2A277CA6D300D475C0 /* UIApplication+.swift */; };
		E7B10B7026CD80C3005B82BC /* SettingsView+Components.swift in Sources */ = {isa = PBXBuildFile; fileRef = E7B10B6F26CD80C3005B82BC /* SettingsView+Components.swift */; };
		E7B10B7226CD80EB005B82BC /* SettingsView+OtherSection.swift in Sources */ = {isa = PBXBuildFile; fileRef = E7B10B7126CD80EB005B82BC /* SettingsView+OtherSection.swift */; };
		E7B10B7426CD82A2005B82BC /* SettingsView+PortainerSection.swift in Sources */ = {isa = PBXBuildFile; fileRef = E7B10B7326CD82A2005B82BC /* SettingsView+PortainerSection.swift */; };
		E7B10B7626CD82D5005B82BC /* SettingsView+InterfaceSection.swift in Sources */ = {isa = PBXBuildFile; fileRef = E7B10B7526CD82D5005B82BC /* SettingsView+InterfaceSection.swift */; };
		E7BD39322792259800D3A7E6 /* Array+PortainerKit.Container.swift in Sources */ = {isa = PBXBuildFile; fileRef = E7BD39312792259800D3A7E6 /* Array+PortainerKit.Container.swift */; };
		E7BD393D27922DB800D3A7E6 /* Portainer+.swift in Sources */ = {isa = PBXBuildFile; fileRef = E7BD393C27922DB800D3A7E6 /* Portainer+.swift */; };
		E7BF1FCE27B29F95009AB829 /* Persistence.swift in Sources */ = {isa = PBXBuildFile; fileRef = E7BF1FCD27B29F95009AB829 /* Persistence.swift */; };
		E7BF1FCF27B29F95009AB829 /* Persistence.swift in Sources */ = {isa = PBXBuildFile; fileRef = E7BF1FCD27B29F95009AB829 /* Persistence.swift */; };
		E7BF1FD027B29F95009AB829 /* Persistence.swift in Sources */ = {isa = PBXBuildFile; fileRef = E7BF1FCD27B29F95009AB829 /* Persistence.swift */; };
		E7BF9E5E2672B5B100AAB6A1 /* HarbourApp.swift in Sources */ = {isa = PBXBuildFile; fileRef = E7BF9E502672B5B000AAB6A1 /* HarbourApp.swift */; };
		E7BF9E602672B5B100AAB6A1 /* ContentView.swift in Sources */ = {isa = PBXBuildFile; fileRef = E7BF9E512672B5B000AAB6A1 /* ContentView.swift */; };
		E7BF9E622672B5B100AAB6A1 /* Assets.xcassets in Resources */ = {isa = PBXBuildFile; fileRef = E7BF9E522672B5B100AAB6A1 /* Assets.xcassets */; };
		E7BF9E782672E17D00AAB6A1 /* Portainer.swift in Sources */ = {isa = PBXBuildFile; fileRef = E7BF9E772672E17D00AAB6A1 /* Portainer.swift */; };
		E7BF9E862672EF5600AAB6A1 /* SettingsView.swift in Sources */ = {isa = PBXBuildFile; fileRef = E7BF9E852672EF5600AAB6A1 /* SettingsView.swift */; };
		E7BF9E882672F29200AAB6A1 /* LoginView.swift in Sources */ = {isa = PBXBuildFile; fileRef = E7BF9E872672F29200AAB6A1 /* LoginView.swift */; };
		E7BF9E8A2672F2F600AAB6A1 /* UIDevice+.swift in Sources */ = {isa = PBXBuildFile; fileRef = E7BF9E892672F2F600AAB6A1 /* UIDevice+.swift */; };
		E7BF9E8D2672F4B300AAB6A1 /* DecreasesOnPressButtonStyle.swift in Sources */ = {isa = PBXBuildFile; fileRef = E7BF9E8C2672F4B300AAB6A1 /* DecreasesOnPressButtonStyle.swift */; };
		E7BF9E8F2672F4C700AAB6A1 /* Constants.swift in Sources */ = {isa = PBXBuildFile; fileRef = E7BF9E8E2672F4C700AAB6A1 /* Constants.swift */; };
		E7BF9E912672F55700AAB6A1 /* PrimaryButtonStyle.swift in Sources */ = {isa = PBXBuildFile; fileRef = E7BF9E902672F55700AAB6A1 /* PrimaryButtonStyle.swift */; };
		E7C303C52734205000D8FE8F /* View+.swift in Sources */ = {isa = PBXBuildFile; fileRef = E7C303C42734205000D8FE8F /* View+.swift */; };
		E7D1BD6D2795B13600A4288C /* Constants.swift in Sources */ = {isa = PBXBuildFile; fileRef = E7BF9E8E2672F4C700AAB6A1 /* Constants.swift */; };
		E7D1BD6E2795B13700A4288C /* Constants.swift in Sources */ = {isa = PBXBuildFile; fileRef = E7BF9E8E2672F4C700AAB6A1 /* Constants.swift */; };
		E7DC3BA82708FB8A00F32F8B /* TransparentButtonStyle.swift in Sources */ = {isa = PBXBuildFile; fileRef = E7DC3BA72708FB8A00F32F8B /* TransparentButtonStyle.swift */; };
		E7DD4CC6267650CB002709F0 /* ContainerConsoleView.swift in Sources */ = {isa = PBXBuildFile; fileRef = E7DD4CC5267650CB002709F0 /* ContainerConsoleView.swift */; };
		E7EAE5CC270B6234008CFD20 /* CustomSection.swift in Sources */ = {isa = PBXBuildFile; fileRef = E7EAE5CB270B6234008CFD20 /* CustomSection.swift */; };
		E7FE3105278DF17500793471 /* SelectedRoundedRectangle.swift in Sources */ = {isa = PBXBuildFile; fileRef = E7FE3104278DF17500793471 /* SelectedRoundedRectangle.swift */; };
/* End PBXBuildFile section */

/* Begin PBXContainerItemProxy section */
		E788E20027957DC500F24CAB /* PBXContainerItemProxy */ = {
			isa = PBXContainerItemProxy;
			containerPortal = E7BF9E4B2672B5B000AAB6A1 /* Project object */;
			proxyType = 1;
			remoteGlobalIDString = E788E1F327957DC300F24CAB;
			remoteInfo = WidgetsExtension;
		};
		E79F4CA627935DD1007FBAF6 /* PBXContainerItemProxy */ = {
			isa = PBXContainerItemProxy;
			containerPortal = E7BF9E4B2672B5B000AAB6A1 /* Project object */;
			proxyType = 1;
			remoteGlobalIDString = E79F4C9E27935DD1007FBAF6;
			remoteInfo = Shortcuts;
		};
/* End PBXContainerItemProxy section */

/* Begin PBXCopyFilesBuildPhase section */
		E75A51D3267380AE00857D2B /* Embed Frameworks */ = {
			isa = PBXCopyFilesBuildPhase;
			buildActionMask = 2147483647;
			dstPath = "";
			dstSubfolderSpec = 10;
			files = (
			);
			name = "Embed Frameworks";
			runOnlyForDeploymentPostprocessing = 0;
		};
		E7BD391E2792238400D3A7E6 /* Embed App Extensions */ = {
			isa = PBXCopyFilesBuildPhase;
			buildActionMask = 2147483647;
			dstPath = "";
			dstSubfolderSpec = 13;
			files = (
				E788E20227957DC500F24CAB /* HarbourWidgets.appex in Embed App Extensions */,
				E79F4CA827935DD1007FBAF6 /* HarbourIntents.appex in Embed App Extensions */,
			);
			name = "Embed App Extensions";
			runOnlyForDeploymentPostprocessing = 0;
		};
/* End PBXCopyFilesBuildPhase section */

/* Begin PBXFileReference section */
		E70A5CEE27220C4300FF6672 /* EnvironmentValues+.swift */ = {isa = PBXFileReference; lastKnownFileType = sourcecode.swift; path = "EnvironmentValues+.swift"; sourceTree = "<group>"; };
		E70A5CF027220D2900FF6672 /* ContainersView.swift */ = {isa = PBXFileReference; lastKnownFileType = sourcecode.swift; path = ContainersView.swift; sourceTree = "<group>"; };
		E70A5CF7272210DA00FF6672 /* ContainerCellBackground.swift */ = {isa = PBXFileReference; lastKnownFileType = sourcecode.swift; path = ContainerCellBackground.swift; sourceTree = "<group>"; };
		E720D01F2720B838004A21FD /* DisclosureSection.swift */ = {isa = PBXFileReference; lastKnownFileType = sourcecode.swift; path = DisclosureSection.swift; sourceTree = "<group>"; };
		E72112E9267F496B00D6004D /* LabeledSection.swift */ = {isa = PBXFileReference; lastKnownFileType = sourcecode.swift; path = LabeledSection.swift; sourceTree = "<group>"; };
		E7272E8926736CCF00228494 /* PortainerKit+.swift */ = {isa = PBXFileReference; lastKnownFileType = sourcecode.swift; path = "PortainerKit+.swift"; sourceTree = "<group>"; };
		E7339C552674236700A55B5C /* ContainerContextMenu.swift */ = {isa = PBXFileReference; lastKnownFileType = sourcecode.swift; path = ContainerContextMenu.swift; sourceTree = "<group>"; };
		E7339C572674262500A55B5C /* String+.swift */ = {isa = PBXFileReference; lastKnownFileType = sourcecode.swift; path = "String+.swift"; sourceTree = "<group>"; };
		E737EC79277B494000E5701D /* Keychain */ = {isa = PBXFileReference; lastKnownFileType = wrapper; path = Keychain; sourceTree = "<group>"; };
		E73D01FB279C04BB00F5AAC2 /* BackgroundTasks.swift */ = {isa = PBXFileReference; lastKnownFileType = sourcecode.swift; path = BackgroundTasks.swift; sourceTree = "<group>"; };
		E748BD47271CA421007C4F15 /* AppDelegate.swift */ = {isa = PBXFileReference; lastKnownFileType = sourcecode.swift; path = AppDelegate.swift; sourceTree = "<group>"; };
		E74AA0D027B1C0F700B58F17 /* Localization.swift */ = {isa = PBXFileReference; fileEncoding = 4; lastKnownFileType = sourcecode.swift; path = Localization.swift; sourceTree = "<group>"; };
		E74AC7F426768564003411AA /* Portainer+AttachedContainer.swift */ = {isa = PBXFileReference; lastKnownFileType = sourcecode.swift; path = "Portainer+AttachedContainer.swift"; sourceTree = "<group>"; };
		E74C8FEE27B29E6A00CC1DF3 /* Model.xcdatamodel */ = {isa = PBXFileReference; lastKnownFileType = wrapper.xcdatamodel; path = Model.xcdatamodel; sourceTree = "<group>"; };
		E751F052270B096B00980DCA /* Indicators */ = {isa = PBXFileReference; lastKnownFileType = folder; path = Indicators; sourceTree = "<group>"; };
		E751F058270B314700980DCA /* ContainersListView.swift */ = {isa = PBXFileReference; lastKnownFileType = sourcecode.swift; path = ContainersListView.swift; sourceTree = "<group>"; };
		E751F05A270B315200980DCA /* ContainersListView+ContainerCell.swift */ = {isa = PBXFileReference; lastKnownFileType = sourcecode.swift; path = "ContainersListView+ContainerCell.swift"; sourceTree = "<group>"; };
		E751F05C270B315B00980DCA /* ContainersGridView.swift */ = {isa = PBXFileReference; lastKnownFileType = sourcecode.swift; path = ContainersGridView.swift; sourceTree = "<group>"; };
		E751F05E270B316400980DCA /* ContainersGridView+ContainerCell.swift */ = {isa = PBXFileReference; lastKnownFileType = sourcecode.swift; path = "ContainersGridView+ContainerCell.swift"; sourceTree = "<group>"; };
		E751F062270B37DA00980DCA /* Array+.swift */ = {isa = PBXFileReference; lastKnownFileType = sourcecode.swift; path = "Array+.swift"; sourceTree = "<group>"; };
		E75A51D7267384E100857D2B /* AppState.swift */ = {isa = PBXFileReference; lastKnownFileType = sourcecode.swift; path = AppState.swift; sourceTree = "<group>"; };
		E75A51DD26738A2000857D2B /* ContainerDetailView.swift */ = {isa = PBXFileReference; lastKnownFileType = sourcecode.swift; path = ContainerDetailView.swift; sourceTree = "<group>"; };
		E75A51DF26739ED100857D2B /* Preferences.swift */ = {isa = PBXFileReference; lastKnownFileType = sourcecode.swift; path = Preferences.swift; sourceTree = "<group>"; };
		E75A51E12673A1C100857D2B /* Bundle+.swift */ = {isa = PBXFileReference; lastKnownFileType = sourcecode.swift; path = "Bundle+.swift"; sourceTree = "<group>"; };
		E75A51E32673A4F000857D2B /* NavigationLinkLabel.swift */ = {isa = PBXFileReference; lastKnownFileType = sourcecode.swift; path = NavigationLinkLabel.swift; sourceTree = "<group>"; };
		E75A51E52673A75700857D2B /* ContainerMountsDetailsView.swift */ = {isa = PBXFileReference; lastKnownFileType = sourcecode.swift; path = ContainerMountsDetailsView.swift; sourceTree = "<group>"; };
		E75A51E72673A78300857D2B /* ContainerNetworkDetailsView.swift */ = {isa = PBXFileReference; lastKnownFileType = sourcecode.swift; path = ContainerNetworkDetailsView.swift; sourceTree = "<group>"; };
		E75A51E92673A79700857D2B /* ContainerLogsView.swift */ = {isa = PBXFileReference; lastKnownFileType = sourcecode.swift; path = ContainerLogsView.swift; sourceTree = "<group>"; };
		E75A51EB2673A7F300857D2B /* ContainerConfigDetailsView.swift */ = {isa = PBXFileReference; lastKnownFileType = sourcecode.swift; path = ContainerConfigDetailsView.swift; sourceTree = "<group>"; };
		E75A51ED2673B17B00857D2B /* Labeled.swift */ = {isa = PBXFileReference; lastKnownFileType = sourcecode.swift; path = Labeled.swift; sourceTree = "<group>"; };
		E75A51EF2673CE3500857D2B /* View+Shared.swift */ = {isa = PBXFileReference; lastKnownFileType = sourcecode.swift; path = "View+Shared.swift"; sourceTree = "<group>"; };
		E7685BB726769B0900CD592E /* PortainerKit */ = {isa = PBXFileReference; lastKnownFileType = folder; path = PortainerKit; sourceTree = "<group>"; };
		E76B26EC267518AA000F437D /* RoundedTextFieldStyle.swift */ = {isa = PBXFileReference; lastKnownFileType = sourcecode.swift; path = RoundedTextFieldStyle.swift; sourceTree = "<group>"; };
		E7748E7C267E831B00456BFD /* UIWindow+.swift */ = {isa = PBXFileReference; lastKnownFileType = sourcecode.swift; path = "UIWindow+.swift"; sourceTree = "<group>"; };
		E7748E7E267E835600456BFD /* Notification+.swift */ = {isa = PBXFileReference; lastKnownFileType = sourcecode.swift; path = "Notification+.swift"; sourceTree = "<group>"; };
		E77717BC27935F4E00DED48D /* ContainerStatusIntentHandler.swift */ = {isa = PBXFileReference; lastKnownFileType = sourcecode.swift; path = ContainerStatusIntentHandler.swift; sourceTree = "<group>"; };
		E77717CC2793794A00DED48D /* ExecuteActionIntentHandler.swift */ = {isa = PBXFileReference; lastKnownFileType = sourcecode.swift; path = ExecuteActionIntentHandler.swift; sourceTree = "<group>"; };
		E77C5FB2267E9B99000B4994 /* DebugView.swift */ = {isa = PBXFileReference; lastKnownFileType = sourcecode.swift; path = DebugView.swift; sourceTree = "<group>"; };
		E77C5FB4267E9D1A000B4994 /* SetupView.swift */ = {isa = PBXFileReference; lastKnownFileType = sourcecode.swift; path = SetupView.swift; sourceTree = "<group>"; };
		E77C5FBA267EA4E5000B4994 /* en */ = {isa = PBXFileReference; lastKnownFileType = text.plist.strings; name = en; path = en.lproj/Localizable.strings; sourceTree = "<group>"; };
		E788E1F427957DC300F24CAB /* HarbourWidgets.appex */ = {isa = PBXFileReference; explicitFileType = "wrapper.app-extension"; includeInIndex = 0; path = HarbourWidgets.appex; sourceTree = BUILT_PRODUCTS_DIR; };
		E788E1F827957DC300F24CAB /* Widgets.swift */ = {isa = PBXFileReference; lastKnownFileType = sourcecode.swift; path = Widgets.swift; sourceTree = "<group>"; };
		E788E1FB27957DC500F24CAB /* Assets.xcassets */ = {isa = PBXFileReference; lastKnownFileType = folder.assetcatalog; path = Assets.xcassets; sourceTree = "<group>"; };
		E788E1FD27957DC500F24CAB /* Info.plist */ = {isa = PBXFileReference; lastKnownFileType = text.plist.xml; path = Info.plist; sourceTree = "<group>"; };
		E788E20327957DC500F24CAB /* WidgetsExtension.entitlements */ = {isa = PBXFileReference; lastKnownFileType = text.plist.entitlements; path = WidgetsExtension.entitlements; sourceTree = "<group>"; };
		E788E20927957E8A00F24CAB /* ContainerStatusWidget.swift */ = {isa = PBXFileReference; lastKnownFileType = sourcecode.swift; path = ContainerStatusWidget.swift; sourceTree = "<group>"; };
		E788E20B27957EBD00F24CAB /* ContainerStatusWidget+WidgetView.swift */ = {isa = PBXFileReference; lastKnownFileType = sourcecode.swift; path = "ContainerStatusWidget+WidgetView.swift"; sourceTree = "<group>"; };
		E788E21D2795A74C00F24CAB /* HarbourURLScheme.swift */ = {isa = PBXFileReference; lastKnownFileType = sourcecode.swift; path = HarbourURLScheme.swift; sourceTree = "<group>"; };
		E7992A4326BF3BA3007335CA /* ToolbarTitle.swift */ = {isa = PBXFileReference; lastKnownFileType = sourcecode.swift; path = ToolbarTitle.swift; sourceTree = "<group>"; };
		E79F4C9F27935DD1007FBAF6 /* HarbourIntents.appex */ = {isa = PBXFileReference; explicitFileType = "wrapper.app-extension"; includeInIndex = 0; path = HarbourIntents.appex; sourceTree = BUILT_PRODUCTS_DIR; };
		E79F4CA027935DD1007FBAF6 /* Intents.framework */ = {isa = PBXFileReference; lastKnownFileType = wrapper.framework; name = Intents.framework; path = System/Library/Frameworks/Intents.framework; sourceTree = SDKROOT; };
		E79F4CA327935DD1007FBAF6 /* IntentHandler.swift */ = {isa = PBXFileReference; lastKnownFileType = sourcecode.swift; path = IntentHandler.swift; sourceTree = "<group>"; };
		E79F4CA527935DD1007FBAF6 /* Info.plist */ = {isa = PBXFileReference; lastKnownFileType = text.plist.xml; path = Info.plist; sourceTree = "<group>"; };
		E79F4CA927935DD1007FBAF6 /* Intents.entitlements */ = {isa = PBXFileReference; lastKnownFileType = text.plist.entitlements; path = Intents.entitlements; sourceTree = "<group>"; };
		E79F4CAD27935DEF007FBAF6 /* Intents.intentdefinition */ = {isa = PBXFileReference; lastKnownFileType = file.intentdefinition; path = Intents.intentdefinition; sourceTree = "<group>"; };
		E79F6642279D74F500D15616 /* Error+.swift */ = {isa = PBXFileReference; lastKnownFileType = sourcecode.swift; path = "Error+.swift"; sourceTree = "<group>"; };
		E7A661FB27230EC000B872EA /* AppState+UserActivity.swift */ = {isa = PBXFileReference; lastKnownFileType = sourcecode.swift; path = "AppState+UserActivity.swift"; sourceTree = "<group>"; };
		E7ABFB942722BD2500054FB7 /* SceneState.swift */ = {isa = PBXFileReference; lastKnownFileType = sourcecode.swift; path = SceneState.swift; sourceTree = "<group>"; };
		E7ABFD2A277CA6D300D475C0 /* UIApplication+.swift */ = {isa = PBXFileReference; lastKnownFileType = sourcecode.swift; path = "UIApplication+.swift"; sourceTree = "<group>"; };
		E7B10B6F26CD80C3005B82BC /* SettingsView+Components.swift */ = {isa = PBXFileReference; lastKnownFileType = sourcecode.swift; path = "SettingsView+Components.swift"; sourceTree = "<group>"; };
		E7B10B7126CD80EB005B82BC /* SettingsView+OtherSection.swift */ = {isa = PBXFileReference; lastKnownFileType = sourcecode.swift; path = "SettingsView+OtherSection.swift"; sourceTree = "<group>"; };
		E7B10B7326CD82A2005B82BC /* SettingsView+PortainerSection.swift */ = {isa = PBXFileReference; lastKnownFileType = sourcecode.swift; path = "SettingsView+PortainerSection.swift"; sourceTree = "<group>"; };
		E7B10B7526CD82D5005B82BC /* SettingsView+InterfaceSection.swift */ = {isa = PBXFileReference; lastKnownFileType = sourcecode.swift; path = "SettingsView+InterfaceSection.swift"; sourceTree = "<group>"; };
		E7BD390D2792238100D3A7E6 /* WidgetKit.framework */ = {isa = PBXFileReference; lastKnownFileType = wrapper.framework; name = WidgetKit.framework; path = System/Library/Frameworks/WidgetKit.framework; sourceTree = SDKROOT; };
		E7BD390F2792238100D3A7E6 /* SwiftUI.framework */ = {isa = PBXFileReference; lastKnownFileType = wrapper.framework; name = SwiftUI.framework; path = System/Library/Frameworks/SwiftUI.framework; sourceTree = SDKROOT; };
		E7BD39312792259800D3A7E6 /* Array+PortainerKit.Container.swift */ = {isa = PBXFileReference; lastKnownFileType = sourcecode.swift; path = "Array+PortainerKit.Container.swift"; sourceTree = "<group>"; };
		E7BD393C27922DB800D3A7E6 /* Portainer+.swift */ = {isa = PBXFileReference; lastKnownFileType = sourcecode.swift; path = "Portainer+.swift"; sourceTree = "<group>"; };
		E7BF1FCD27B29F95009AB829 /* Persistence.swift */ = {isa = PBXFileReference; lastKnownFileType = sourcecode.swift; path = Persistence.swift; sourceTree = "<group>"; };
		E7BF9E502672B5B000AAB6A1 /* HarbourApp.swift */ = {isa = PBXFileReference; lastKnownFileType = sourcecode.swift; path = HarbourApp.swift; sourceTree = "<group>"; };
		E7BF9E512672B5B000AAB6A1 /* ContentView.swift */ = {isa = PBXFileReference; lastKnownFileType = sourcecode.swift; path = ContentView.swift; sourceTree = "<group>"; };
		E7BF9E522672B5B100AAB6A1 /* Assets.xcassets */ = {isa = PBXFileReference; lastKnownFileType = folder.assetcatalog; path = Assets.xcassets; sourceTree = "<group>"; };
		E7BF9E572672B5B100AAB6A1 /* Harbour.app */ = {isa = PBXFileReference; explicitFileType = wrapper.application; includeInIndex = 0; path = Harbour.app; sourceTree = BUILT_PRODUCTS_DIR; };
		E7BF9E772672E17D00AAB6A1 /* Portainer.swift */ = {isa = PBXFileReference; lastKnownFileType = sourcecode.swift; path = Portainer.swift; sourceTree = "<group>"; };
		E7BF9E852672EF5600AAB6A1 /* SettingsView.swift */ = {isa = PBXFileReference; lastKnownFileType = sourcecode.swift; path = SettingsView.swift; sourceTree = "<group>"; };
		E7BF9E872672F29200AAB6A1 /* LoginView.swift */ = {isa = PBXFileReference; lastKnownFileType = sourcecode.swift; path = LoginView.swift; sourceTree = "<group>"; };
		E7BF9E892672F2F600AAB6A1 /* UIDevice+.swift */ = {isa = PBXFileReference; lastKnownFileType = sourcecode.swift; path = "UIDevice+.swift"; sourceTree = "<group>"; };
		E7BF9E8C2672F4B300AAB6A1 /* DecreasesOnPressButtonStyle.swift */ = {isa = PBXFileReference; lastKnownFileType = sourcecode.swift; path = DecreasesOnPressButtonStyle.swift; sourceTree = "<group>"; };
		E7BF9E8E2672F4C700AAB6A1 /* Constants.swift */ = {isa = PBXFileReference; lastKnownFileType = sourcecode.swift; path = Constants.swift; sourceTree = "<group>"; };
		E7BF9E902672F55700AAB6A1 /* PrimaryButtonStyle.swift */ = {isa = PBXFileReference; lastKnownFileType = sourcecode.swift; path = PrimaryButtonStyle.swift; sourceTree = "<group>"; };
		E7C303C42734205000D8FE8F /* View+.swift */ = {isa = PBXFileReference; lastKnownFileType = sourcecode.swift; path = "View+.swift"; sourceTree = "<group>"; };
		E7DC3BA72708FB8A00F32F8B /* TransparentButtonStyle.swift */ = {isa = PBXFileReference; lastKnownFileType = sourcecode.swift; path = TransparentButtonStyle.swift; sourceTree = "<group>"; };
		E7DD4CC5267650CB002709F0 /* ContainerConsoleView.swift */ = {isa = PBXFileReference; lastKnownFileType = sourcecode.swift; path = ContainerConsoleView.swift; sourceTree = "<group>"; };
		E7EAE5CB270B6234008CFD20 /* CustomSection.swift */ = {isa = PBXFileReference; lastKnownFileType = sourcecode.swift; path = CustomSection.swift; sourceTree = "<group>"; };
		E7FE3104278DF17500793471 /* SelectedRoundedRectangle.swift */ = {isa = PBXFileReference; lastKnownFileType = sourcecode.swift; path = SelectedRoundedRectangle.swift; sourceTree = "<group>"; };
/* End PBXFileReference section */

/* Begin PBXFrameworksBuildPhase section */
		E788E1F127957DC300F24CAB /* Frameworks */ = {
			isa = PBXFrameworksBuildPhase;
			buildActionMask = 2147483647;
			files = (
				E788E21B2795835B00F24CAB /* Keychain in Frameworks */,
				E788E2192795835800F24CAB /* PortainerKit in Frameworks */,
				E788E1F627957DC300F24CAB /* SwiftUI.framework in Frameworks */,
				E788E1F527957DC300F24CAB /* WidgetKit.framework in Frameworks */,
			);
			runOnlyForDeploymentPostprocessing = 0;
		};
		E79F4C9C27935DD1007FBAF6 /* Frameworks */ = {
			isa = PBXFrameworksBuildPhase;
			buildActionMask = 2147483647;
			files = (
				E77717C927935FDD00DED48D /* PortainerKit in Frameworks */,
				E77717CB27935FE600DED48D /* Keychain in Frameworks */,
				E79F4CA127935DD1007FBAF6 /* Intents.framework in Frameworks */,
			);
			runOnlyForDeploymentPostprocessing = 0;
		};
		E7BF9E542672B5B100AAB6A1 /* Frameworks */ = {
			isa = PBXFrameworksBuildPhase;
			buildActionMask = 2147483647;
			files = (
				E751F054270B0B5000980DCA /* Indicators in Frameworks */,
				E737EC7B277B4ADC00E5701D /* Keychain in Frameworks */,
				E7685BBF26769B2500CD592E /* PortainerKit in Frameworks */,
			);
			runOnlyForDeploymentPostprocessing = 0;
		};
/* End PBXFrameworksBuildPhase section */

/* Begin PBXGroup section */
		E72F350626769ABD00A38910 /* Modules */ = {
			isa = PBXGroup;
			children = (
				E751F052270B096B00980DCA /* Indicators */,
				E737EC79277B494000E5701D /* Keychain */,
				E7685BB726769B0900CD592E /* PortainerKit */,
			);
			path = Modules;
			sourceTree = "<group>";
		};
		E7339C592674366000A55B5C /* Container */ = {
			isa = PBXGroup;
			children = (
				E75A51DD26738A2000857D2B /* ContainerDetailView.swift */,
				E75A51E52673A75700857D2B /* ContainerMountsDetailsView.swift */,
				E75A51E72673A78300857D2B /* ContainerNetworkDetailsView.swift */,
				E75A51EB2673A7F300857D2B /* ContainerConfigDetailsView.swift */,
				E75A51E92673A79700857D2B /* ContainerLogsView.swift */,
				E7DD4CC5267650CB002709F0 /* ContainerConsoleView.swift */,
			);
			path = Container;
			sourceTree = "<group>";
		};
		E748BD44271CA2A0007C4F15 /* AppState */ = {
			isa = PBXGroup;
			children = (
				E75A51D7267384E100857D2B /* AppState.swift */,
				E7A661FB27230EC000B872EA /* AppState+UserActivity.swift */,
			);
			path = AppState;
			sourceTree = "<group>";
		};
		E74C8FEC27B29E4000CC1DF3 /* CoreData */ = {
			isa = PBXGroup;
			children = (
				E74C8FED27B29E6A00CC1DF3 /* Harbour.xcdatamodeld */,
			);
			path = CoreData;
			sourceTree = "<group>";
		};
		E751F055270B312900980DCA /* Containers List */ = {
			isa = PBXGroup;
			children = (
				E751F057270B313C00980DCA /* List */,
				E751F056270B313600980DCA /* Grid */,
				E70A5CF027220D2900FF6672 /* ContainersView.swift */,
			);
			path = "Containers List";
			sourceTree = "<group>";
		};
		E751F056270B313600980DCA /* Grid */ = {
			isa = PBXGroup;
			children = (
				E751F05C270B315B00980DCA /* ContainersGridView.swift */,
				E751F05E270B316400980DCA /* ContainersGridView+ContainerCell.swift */,
			);
			path = Grid;
			sourceTree = "<group>";
		};
		E751F057270B313C00980DCA /* List */ = {
			isa = PBXGroup;
			children = (
				E751F058270B314700980DCA /* ContainersListView.swift */,
				E751F05A270B315200980DCA /* ContainersListView+ContainerCell.swift */,
			);
			path = List;
			sourceTree = "<group>";
		};
		E75A51DC26738A1400857D2B /* Details */ = {
			isa = PBXGroup;
			children = (
				E7339C592674366000A55B5C /* Container */,
			);
			path = Details;
			sourceTree = "<group>";
		};
		E76B26EE267518B8000F437D /* TextField */ = {
			isa = PBXGroup;
			children = (
				E76B26EC267518AA000F437D /* RoundedTextFieldStyle.swift */,
			);
			path = TextField;
			sourceTree = "<group>";
		};
		E76B26EF267518BE000F437D /* Button */ = {
			isa = PBXGroup;
			children = (
				E7BF9E902672F55700AAB6A1 /* PrimaryButtonStyle.swift */,
				E7DC3BA72708FB8A00F32F8B /* TransparentButtonStyle.swift */,
				E7BF9E8C2672F4B300AAB6A1 /* DecreasesOnPressButtonStyle.swift */,
			);
			path = Button;
			sourceTree = "<group>";
		};
		E76F798E267304760009FE65 /* Harbour */ = {
			isa = PBXGroup;
			children = (
				E7BF9E502672B5B000AAB6A1 /* HarbourApp.swift */,
				E7BF9E762672E15700AAB6A1 /* Controllers */,
				E7BF9E832672EF4200AAB6A1 /* Views */,
				E7BF9E7E2672E60E00AAB6A1 /* Extensions+Modifiers */,
				E7BF9E522672B5B100AAB6A1 /* Assets.xcassets */,
			);
			path = Harbour;
			sourceTree = "<group>";
		};
		E77717CE2793794F00DED48D /* Handlers */ = {
			isa = PBXGroup;
			children = (
				E77717BC27935F4E00DED48D /* ContainerStatusIntentHandler.swift */,
				E77717CC2793794A00DED48D /* ExecuteActionIntentHandler.swift */,
			);
			path = Handlers;
			sourceTree = "<group>";
		};
		E77C5FB6267EA454000B4994 /* Localization */ = {
			isa = PBXGroup;
			children = (
				E77C5FBB267EA4E5000B4994 /* Localizable.strings */,
				E74AA0D027B1C0F700B58F17 /* Localization.swift */,
			);
			path = Localization;
			sourceTree = "<group>";
		};
		E788E1F727957DC300F24CAB /* Widgets */ = {
			isa = PBXGroup;
			children = (
				E788E1F827957DC300F24CAB /* Widgets.swift */,
				E788E20827957E7500F24CAB /* ContainerStatus */,
				E788E1FB27957DC500F24CAB /* Assets.xcassets */,
				E788E20327957DC500F24CAB /* WidgetsExtension.entitlements */,
				E788E1FD27957DC500F24CAB /* Info.plist */,
			);
			path = Widgets;
			sourceTree = "<group>";
		};
		E788E20827957E7500F24CAB /* ContainerStatus */ = {
			isa = PBXGroup;
			children = (
				E788E20927957E8A00F24CAB /* ContainerStatusWidget.swift */,
				E788E20B27957EBD00F24CAB /* ContainerStatusWidget+WidgetView.swift */,
			);
			path = ContainerStatus;
			sourceTree = "<group>";
		};
		E79F4CA227935DD1007FBAF6 /* Intents */ = {
			isa = PBXGroup;
			children = (
				E79F4CA327935DD1007FBAF6 /* IntentHandler.swift */,
				E77717CE2793794F00DED48D /* Handlers */,
				E79F4CAD27935DEF007FBAF6 /* Intents.intentdefinition */,
				E79F4CA927935DD1007FBAF6 /* Intents.entitlements */,
				E79F4CA527935DD1007FBAF6 /* Info.plist */,
			);
			path = Intents;
			sourceTree = "<group>";
		};
		E7B10B6E26CD80A6005B82BC /* Settings */ = {
			isa = PBXGroup;
			children = (
				E7BF9E852672EF5600AAB6A1 /* SettingsView.swift */,
				E7B10B7326CD82A2005B82BC /* SettingsView+PortainerSection.swift */,
				E7B10B7526CD82D5005B82BC /* SettingsView+InterfaceSection.swift */,
				E7B10B7126CD80EB005B82BC /* SettingsView+OtherSection.swift */,
				E7B10B6F26CD80C3005B82BC /* SettingsView+Components.swift */,
			);
			path = Settings;
			sourceTree = "<group>";
		};
		E7B970EF26ED37DE00358FB9 /* Shared */ = {
			isa = PBXGroup;
			children = (
				E7BF9E8E2672F4C700AAB6A1 /* Constants.swift */,
				E788E21D2795A74C00F24CAB /* HarbourURLScheme.swift */,
				E74C8FEC27B29E4000CC1DF3 /* CoreData */,
				E7BD39222792250900D3A7E6 /* Controllers */,
				E77C5FB6267EA454000B4994 /* Localization */,
				E7B970F026ED37EB00358FB9 /* Extensions+Modifiers */,
			);
			path = Shared;
			sourceTree = "<group>";
		};
		E7B970F026ED37EB00358FB9 /* Extensions+Modifiers */ = {
			isa = PBXGroup;
			children = (
				E751F062270B37DA00980DCA /* Array+.swift */,
				E75A51E12673A1C100857D2B /* Bundle+.swift */,
				E79F6642279D74F500D15616 /* Error+.swift */,
				E7BD393C27922DB800D3A7E6 /* Portainer+.swift */,
				E7272E8926736CCF00228494 /* PortainerKit+.swift */,
				E7339C572674262500A55B5C /* String+.swift */,
				E75A51EF2673CE3500857D2B /* View+Shared.swift */,
			);
			path = "Extensions+Modifiers";
			sourceTree = "<group>";
		};
		E7BD39222792250900D3A7E6 /* Controllers */ = {
			isa = PBXGroup;
			children = (
				E7BF1FCD27B29F95009AB829 /* Persistence.swift */,
				E7BF9E772672E17D00AAB6A1 /* Portainer.swift */,
				E75A51DF26739ED100857D2B /* Preferences.swift */,
			);
			path = Controllers;
			sourceTree = "<group>";
		};
		E7BF9E4A2672B5B000AAB6A1 = {
			isa = PBXGroup;
			children = (
				E76F798E267304760009FE65 /* Harbour */,
				E7B970EF26ED37DE00358FB9 /* Shared */,
				E79F4CA227935DD1007FBAF6 /* Intents */,
				E788E1F727957DC300F24CAB /* Widgets */,
				E72F350626769ABD00A38910 /* Modules */,
				E7BF9E582672B5B100AAB6A1 /* Products */,
				E7BF9E702672BC8D00AAB6A1 /* Frameworks */,
			);
			sourceTree = "<group>";
		};
		E7BF9E582672B5B100AAB6A1 /* Products */ = {
			isa = PBXGroup;
			children = (
				E7BF9E572672B5B100AAB6A1 /* Harbour.app */,
				E79F4C9F27935DD1007FBAF6 /* HarbourIntents.appex */,
				E788E1F427957DC300F24CAB /* HarbourWidgets.appex */,
			);
			name = Products;
			sourceTree = "<group>";
		};
		E7BF9E702672BC8D00AAB6A1 /* Frameworks */ = {
			isa = PBXGroup;
			children = (
				E7BD390D2792238100D3A7E6 /* WidgetKit.framework */,
				E7BD390F2792238100D3A7E6 /* SwiftUI.framework */,
				E79F4CA027935DD1007FBAF6 /* Intents.framework */,
			);
			name = Frameworks;
			sourceTree = "<group>";
		};
		E7BF9E762672E15700AAB6A1 /* Controllers */ = {
			isa = PBXGroup;
			children = (
				E748BD44271CA2A0007C4F15 /* AppState */,
				E748BD47271CA421007C4F15 /* AppDelegate.swift */,
				E7ABFB942722BD2500054FB7 /* SceneState.swift */,
				E73D01FB279C04BB00F5AAC2 /* BackgroundTasks.swift */,
			);
			path = Controllers;
			sourceTree = "<group>";
		};
		E7BF9E7E2672E60E00AAB6A1 /* Extensions+Modifiers */ = {
			isa = PBXGroup;
			children = (
				E7BD39312792259800D3A7E6 /* Array+PortainerKit.Container.swift */,
				E70A5CEE27220C4300FF6672 /* EnvironmentValues+.swift */,
				E7748E7E267E835600456BFD /* Notification+.swift */,
				E74AC7F426768564003411AA /* Portainer+AttachedContainer.swift */,
				E7ABFD2A277CA6D300D475C0 /* UIApplication+.swift */,
				E7BF9E892672F2F600AAB6A1 /* UIDevice+.swift */,
				E7748E7C267E831B00456BFD /* UIWindow+.swift */,
				E7C303C42734205000D8FE8F /* View+.swift */,
			);
			path = "Extensions+Modifiers";
			sourceTree = "<group>";
		};
		E7BF9E832672EF4200AAB6A1 /* Views */ = {
			isa = PBXGroup;
			children = (
				E7FE3103278DF15100793471 /* Shapes */,
				E7BF9E8B2672F48700AAB6A1 /* Styles */,
				E7BF9E922672FB7A00AAB6A1 /* Components */,
				E751F055270B312900980DCA /* Containers List */,
				E75A51DC26738A1400857D2B /* Details */,
				E7B10B6E26CD80A6005B82BC /* Settings */,
				E7BF9E512672B5B000AAB6A1 /* ContentView.swift */,
				E77C5FB4267E9D1A000B4994 /* SetupView.swift */,
				E7BF9E872672F29200AAB6A1 /* LoginView.swift */,
				E77C5FB2267E9B99000B4994 /* DebugView.swift */,
			);
			path = Views;
			sourceTree = "<group>";
		};
		E7BF9E8B2672F48700AAB6A1 /* Styles */ = {
			isa = PBXGroup;
			children = (
				E76B26EF267518BE000F437D /* Button */,
				E76B26EE267518B8000F437D /* TextField */,
			);
			path = Styles;
			sourceTree = "<group>";
		};
		E7BF9E922672FB7A00AAB6A1 /* Components */ = {
			isa = PBXGroup;
			children = (
				E75A51ED2673B17B00857D2B /* Labeled.swift */,
				E72112E9267F496B00D6004D /* LabeledSection.swift */,
				E7EAE5CB270B6234008CFD20 /* CustomSection.swift */,
				E75A51E32673A4F000857D2B /* NavigationLinkLabel.swift */,
				E7339C552674236700A55B5C /* ContainerContextMenu.swift */,
				E70A5CF7272210DA00FF6672 /* ContainerCellBackground.swift */,
				E7992A4326BF3BA3007335CA /* ToolbarTitle.swift */,
				E720D01F2720B838004A21FD /* DisclosureSection.swift */,
			);
			path = Components;
			sourceTree = "<group>";
		};
		E7FE3103278DF15100793471 /* Shapes */ = {
			isa = PBXGroup;
			children = (
				E7FE3104278DF17500793471 /* SelectedRoundedRectangle.swift */,
			);
			path = Shapes;
			sourceTree = "<group>";
		};
/* End PBXGroup section */

/* Begin PBXNativeTarget section */
		E788E1F327957DC300F24CAB /* HarbourWidgets */ = {
			isa = PBXNativeTarget;
			buildConfigurationList = E788E20627957DC500F24CAB /* Build configuration list for PBXNativeTarget "HarbourWidgets" */;
			buildPhases = (
				E755544D27B515B0005E896E /* Swiftgen */,
				E788E1F027957DC300F24CAB /* Sources */,
				E788E1F127957DC300F24CAB /* Frameworks */,
				E788E1F227957DC300F24CAB /* Resources */,
			);
			buildRules = (
			);
			dependencies = (
			);
			name = HarbourWidgets;
			packageProductDependencies = (
				E788E2182795835800F24CAB /* PortainerKit */,
				E788E21A2795835B00F24CAB /* Keychain */,
			);
			productName = WidgetsExtension;
			productReference = E788E1F427957DC300F24CAB /* HarbourWidgets.appex */;
			productType = "com.apple.product-type.app-extension";
		};
		E79F4C9E27935DD1007FBAF6 /* HarbourIntents */ = {
			isa = PBXNativeTarget;
			buildConfigurationList = E79F4CAC27935DD1007FBAF6 /* Build configuration list for PBXNativeTarget "HarbourIntents" */;
			buildPhases = (
				E755544C27B515A3005E896E /* Swiftgen */,
				E79F4C9B27935DD1007FBAF6 /* Sources */,
				E79F4C9C27935DD1007FBAF6 /* Frameworks */,
				E79F4C9D27935DD1007FBAF6 /* Resources */,
			);
			buildRules = (
			);
			dependencies = (
			);
			name = HarbourIntents;
			packageProductDependencies = (
				E77717C827935FDD00DED48D /* PortainerKit */,
				E77717CA27935FE600DED48D /* Keychain */,
			);
			productName = Shortcuts;
			productReference = E79F4C9F27935DD1007FBAF6 /* HarbourIntents.appex */;
			productType = "com.apple.product-type.app-extension";
		};
		E7BF9E562672B5B100AAB6A1 /* Harbour */ = {
			isa = PBXNativeTarget;
			buildConfigurationList = E7BF9E662672B5B100AAB6A1 /* Build configuration list for PBXNativeTarget "Harbour" */;
			buildPhases = (
				E7D4036B27A5A6FB005293C9 /* Swiftgen */,
				E7BF9E532672B5B100AAB6A1 /* Sources */,
				E7BF9E542672B5B100AAB6A1 /* Frameworks */,
				E7BF9E552672B5B100AAB6A1 /* Resources */,
				E75A51D3267380AE00857D2B /* Embed Frameworks */,
				E7BD391E2792238400D3A7E6 /* Embed App Extensions */,
			);
			buildRules = (
			);
			dependencies = (
				E79F4CA727935DD1007FBAF6 /* PBXTargetDependency */,
				E788E20127957DC500F24CAB /* PBXTargetDependency */,
			);
			name = Harbour;
			packageProductDependencies = (
				E7685BBE26769B2500CD592E /* PortainerKit */,
				E751F053270B0B5000980DCA /* Indicators */,
				E737EC7A277B4ADC00E5701D /* Keychain */,
			);
			productName = "Harbour (iOS)";
			productReference = E7BF9E572672B5B100AAB6A1 /* Harbour.app */;
			productType = "com.apple.product-type.application";
		};
/* End PBXNativeTarget section */

/* Begin PBXProject section */
		E7BF9E4B2672B5B000AAB6A1 /* Project object */ = {
			isa = PBXProject;
			attributes = {
				BuildIndependentTargetsInParallel = 1;
				LastSwiftUpdateCheck = 1320;
				LastUpgradeCheck = 1300;
				TargetAttributes = {
					E788E1F327957DC300F24CAB = {
						CreatedOnToolsVersion = 13.2.1;
					};
					E79F4C9E27935DD1007FBAF6 = {
						CreatedOnToolsVersion = 13.2.1;
					};
					E7BF9E562672B5B100AAB6A1 = {
						CreatedOnToolsVersion = 13.0;
					};
				};
			};
			buildConfigurationList = E7BF9E4E2672B5B000AAB6A1 /* Build configuration list for PBXProject "Harbour" */;
			compatibilityVersion = "Xcode 13.0";
			developmentRegion = en;
			hasScannedForEncodings = 0;
			knownRegions = (
				en,
				pl,
				Base,
			);
			mainGroup = E7BF9E4A2672B5B000AAB6A1;
			packageReferences = (
			);
			productRefGroup = E7BF9E582672B5B100AAB6A1 /* Products */;
			projectDirPath = "";
			projectRoot = "";
			targets = (
				E7BF9E562672B5B100AAB6A1 /* Harbour */,
				E79F4C9E27935DD1007FBAF6 /* HarbourIntents */,
				E788E1F327957DC300F24CAB /* HarbourWidgets */,
			);
		};
/* End PBXProject section */

/* Begin PBXResourcesBuildPhase section */
		E788E1F227957DC300F24CAB /* Resources */ = {
			isa = PBXResourcesBuildPhase;
			buildActionMask = 2147483647;
			files = (
				E788E1FC27957DC500F24CAB /* Assets.xcassets in Resources */,
				E788E21727957FA600F24CAB /* Localizable.strings in Resources */,
			);
			runOnlyForDeploymentPostprocessing = 0;
		};
		E79F4C9D27935DD1007FBAF6 /* Resources */ = {
			isa = PBXResourcesBuildPhase;
			buildActionMask = 2147483647;
			files = (
				E77717C327935F9100DED48D /* Localizable.strings in Resources */,
			);
			runOnlyForDeploymentPostprocessing = 0;
		};
		E7BF9E552672B5B100AAB6A1 /* Resources */ = {
			isa = PBXResourcesBuildPhase;
			buildActionMask = 2147483647;
			files = (
				E7BF9E622672B5B100AAB6A1 /* Assets.xcassets in Resources */,
				E77C5FB9267EA4E5000B4994 /* Localizable.strings in Resources */,
			);
			runOnlyForDeploymentPostprocessing = 0;
		};
/* End PBXResourcesBuildPhase section */

/* Begin PBXShellScriptBuildPhase section */
		E755544C27B515A3005E896E /* Swiftgen */ = {
			isa = PBXShellScriptBuildPhase;
			buildActionMask = 2147483647;
			files = (
			);
			inputFileListPaths = (
			);
			inputPaths = (
			);
			name = Swiftgen;
			outputFileListPaths = (
			);
			outputPaths = (
			);
			runOnlyForDeploymentPostprocessing = 0;
			shellPath = /bin/sh;
			shellScript = "#!/bin/sh\nif which swiftgen > /dev/null; then\n\tswiftgen\nelse\n\techo \"warning: swiftgen is not installed. Please install it :)\"\nfi\n";
		};
		E755544D27B515B0005E896E /* Swiftgen */ = {
			isa = PBXShellScriptBuildPhase;
			buildActionMask = 2147483647;
			files = (
			);
			inputFileListPaths = (
			);
			inputPaths = (
			);
			name = Swiftgen;
			outputFileListPaths = (
			);
			outputPaths = (
			);
			runOnlyForDeploymentPostprocessing = 0;
			shellPath = /bin/sh;
			shellScript = "#!/bin/sh\nif which swiftgen > /dev/null; then\n\tswiftgen\nelse\n\techo \"warning: swiftgen is not installed. Please install it :)\"\nfi\n";
		};
		E7D4036B27A5A6FB005293C9 /* Swiftgen */ = {
			isa = PBXShellScriptBuildPhase;
			buildActionMask = 2147483647;
			files = (
			);
			inputFileListPaths = (
			);
			inputPaths = (
			);
			name = Swiftgen;
			outputFileListPaths = (
			);
			outputPaths = (
			);
			runOnlyForDeploymentPostprocessing = 0;
			shellPath = /bin/sh;
			shellScript = "#!/bin/sh\nif which swiftgen > /dev/null; then\n\tswiftgen\nelse\n\techo \"warning: swiftgen is not installed. Please install it :)\"\nfi\n";
		};
/* End PBXShellScriptBuildPhase section */

/* Begin PBXSourcesBuildPhase section */
		E788E1F027957DC300F24CAB /* Sources */ = {
			isa = PBXSourcesBuildPhase;
			buildActionMask = 2147483647;
			files = (
				E788E20A27957E8A00F24CAB /* ContainerStatusWidget.swift in Sources */,
				E788E21627957FA300F24CAB /* Bundle+.swift in Sources */,
				E788E21227957FA300F24CAB /* Preferences.swift in Sources */,
				E788E20E27957FA300F24CAB /* Array+.swift in Sources */,
				E7BF1FD027B29F95009AB829 /* Persistence.swift in Sources */,
				E788E20C27957EBD00F24CAB /* ContainerStatusWidget+WidgetView.swift in Sources */,
				E7D1BD6E2795B13700A4288C /* Constants.swift in Sources */,
				E74AA0D327B1C0FC00B58F17 /* Localization.swift in Sources */,
				E788E20727957E1300F24CAB /* Intents.intentdefinition in Sources */,
				E74C8FF127B29E6A00CC1DF3 /* Harbour.xcdatamodeld in Sources */,
				E788E1F927957DC300F24CAB /* Widgets.swift in Sources */,
				E788E21427957FA300F24CAB /* PortainerKit+.swift in Sources */,
				E788E21527957FA300F24CAB /* String+.swift in Sources */,
				E788E21E2795A74C00F24CAB /* HarbourURLScheme.swift in Sources */,
				E77610CD279DEAA60034BFFB /* Portainer+.swift in Sources */,
				E788E20D27957FA300F24CAB /* View+Shared.swift in Sources */,
				E74598FC27AE857600688066 /* Portainer.swift in Sources */,
				E79F6645279D74FD00D15616 /* Error+.swift in Sources */,
			);
			runOnlyForDeploymentPostprocessing = 0;
		};
		E79F4C9B27935DD1007FBAF6 /* Sources */ = {
			isa = PBXSourcesBuildPhase;
			buildActionMask = 2147483647;
			files = (
				E77717BF27935F8E00DED48D /* PortainerKit+.swift in Sources */,
				E77717C127935F8E00DED48D /* Bundle+.swift in Sources */,
				E77717C527935F9900DED48D /* Preferences.swift in Sources */,
				E7BF1FCF27B29F95009AB829 /* Persistence.swift in Sources */,
				E7D1BD6D2795B13600A4288C /* Constants.swift in Sources */,
				E77717C227935F8E00DED48D /* String+.swift in Sources */,
				E77610CB279DEAA60034BFFB /* Portainer+.swift in Sources */,
				E77717C027935F8E00DED48D /* Array+.swift in Sources */,
				E74598FB27AE857600688066 /* Portainer.swift in Sources */,
				E79F4CAE27935DEF007FBAF6 /* Intents.intentdefinition in Sources */,
				E79F4CA427935DD1007FBAF6 /* IntentHandler.swift in Sources */,
				E788E2202795A75000F24CAB /* HarbourURLScheme.swift in Sources */,
				E74C8FF027B29E6A00CC1DF3 /* Harbour.xcdatamodeld in Sources */,
				E74AA0D227B1C0FB00B58F17 /* Localization.swift in Sources */,
				E79F6644279D74FC00D15616 /* Error+.swift in Sources */,
				E77717CD2793794A00DED48D /* ExecuteActionIntentHandler.swift in Sources */,
				E77717BD27935F4E00DED48D /* ContainerStatusIntentHandler.swift in Sources */,
			);
			runOnlyForDeploymentPostprocessing = 0;
		};
		E7BF9E532672B5B100AAB6A1 /* Sources */ = {
			isa = PBXSourcesBuildPhase;
			buildActionMask = 2147483647;
			files = (
				E7748E7F267E835600456BFD /* Notification+.swift in Sources */,
				E751F063270B37DA00980DCA /* Array+.swift in Sources */,
				E7BF9E882672F29200AAB6A1 /* LoginView.swift in Sources */,
				E751F05F270B316400980DCA /* ContainersGridView+ContainerCell.swift in Sources */,
				E7C303C52734205000D8FE8F /* View+.swift in Sources */,
				E73D01FC279C04BB00F5AAC2 /* BackgroundTasks.swift in Sources */,
				E7ABFB952722BD2500054FB7 /* SceneState.swift in Sources */,
				E7992A4426BF3BA3007335CA /* ToolbarTitle.swift in Sources */,
				E76B26ED267518AA000F437D /* RoundedTextFieldStyle.swift in Sources */,
				E7FE3105278DF17500793471 /* SelectedRoundedRectangle.swift in Sources */,
				E75A51EA2673A79700857D2B /* ContainerLogsView.swift in Sources */,
				E751F059270B314700980DCA /* ContainersListView.swift in Sources */,
				E7BF9E862672EF5600AAB6A1 /* SettingsView.swift in Sources */,
				E7EAE5CC270B6234008CFD20 /* CustomSection.swift in Sources */,
				E75A51F02673CE3500857D2B /* View+Shared.swift in Sources */,
				E748BD48271CA421007C4F15 /* AppDelegate.swift in Sources */,
				E75A51E62673A75700857D2B /* ContainerMountsDetailsView.swift in Sources */,
				E74AC7F526768564003411AA /* Portainer+AttachedContainer.swift in Sources */,
				E70A5CEF27220C4300FF6672 /* EnvironmentValues+.swift in Sources */,
				E7BF9E602672B5B100AAB6A1 /* ContentView.swift in Sources */,
				E77717BB27935E8200DED48D /* Intents.intentdefinition in Sources */,
				E7BF9E782672E17D00AAB6A1 /* Portainer.swift in Sources */,
				E7DD4CC6267650CB002709F0 /* ContainerConsoleView.swift in Sources */,
				E75A51E22673A1C100857D2B /* Bundle+.swift in Sources */,
				E7BF1FCE27B29F95009AB829 /* Persistence.swift in Sources */,
				E7339C582674262500A55B5C /* String+.swift in Sources */,
				E7BF9E8A2672F2F600AAB6A1 /* UIDevice+.swift in Sources */,
				E74AA0D127B1C0F700B58F17 /* Localization.swift in Sources */,
				E7BF9E912672F55700AAB6A1 /* PrimaryButtonStyle.swift in Sources */,
				E7748E7D267E831B00456BFD /* UIWindow+.swift in Sources */,
				E788E21F2795A74F00F24CAB /* HarbourURLScheme.swift in Sources */,
				E7BF9E8D2672F4B300AAB6A1 /* DecreasesOnPressButtonStyle.swift in Sources */,
				E7B10B7026CD80C3005B82BC /* SettingsView+Components.swift in Sources */,
				E7B10B7226CD80EB005B82BC /* SettingsView+OtherSection.swift in Sources */,
				E7DC3BA82708FB8A00F32F8B /* TransparentButtonStyle.swift in Sources */,
				E7ABFD2B277CA6D300D475C0 /* UIApplication+.swift in Sources */,
				E7272E8A26736CCF00228494 /* PortainerKit+.swift in Sources */,
				E77C5FB3267E9B99000B4994 /* DebugView.swift in Sources */,
				E70A5CF127220D2900FF6672 /* ContainersView.swift in Sources */,
				E77C5FB5267E9D1A000B4994 /* SetupView.swift in Sources */,
				E7B10B7426CD82A2005B82BC /* SettingsView+PortainerSection.swift in Sources */,
				E751F05B270B315200980DCA /* ContainersListView+ContainerCell.swift in Sources */,
				E7B10B7626CD82D5005B82BC /* SettingsView+InterfaceSection.swift in Sources */,
				E7BD393D27922DB800D3A7E6 /* Portainer+.swift in Sources */,
				E7BD39322792259800D3A7E6 /* Array+PortainerKit.Container.swift in Sources */,
				E720D0202720B838004A21FD /* DisclosureSection.swift in Sources */,
				E7339C562674236700A55B5C /* ContainerContextMenu.swift in Sources */,
				E74C8FEF27B29E6A00CC1DF3 /* Harbour.xcdatamodeld in Sources */,
				E75A51E42673A4F000857D2B /* NavigationLinkLabel.swift in Sources */,
				E75A51EC2673A7F300857D2B /* ContainerConfigDetailsView.swift in Sources */,
				E75A51EE2673B17B00857D2B /* Labeled.swift in Sources */,
				E75A51E82673A78300857D2B /* ContainerNetworkDetailsView.swift in Sources */,
				E70A5CF8272210DA00FF6672 /* ContainerCellBackground.swift in Sources */,
				E75A51D8267384E100857D2B /* AppState.swift in Sources */,
				E7BF9E5E2672B5B100AAB6A1 /* HarbourApp.swift in Sources */,
				E72112EA267F496B00D6004D /* LabeledSection.swift in Sources */,
				E7BF9E8F2672F4C700AAB6A1 /* Constants.swift in Sources */,
				E79F6643279D74F500D15616 /* Error+.swift in Sources */,
				E7A661FC27230EC000B872EA /* AppState+UserActivity.swift in Sources */,
				E751F05D270B315B00980DCA /* ContainersGridView.swift in Sources */,
				E75A51E026739ED100857D2B /* Preferences.swift in Sources */,
				E75A51DE26738A2000857D2B /* ContainerDetailView.swift in Sources */,
			);
			runOnlyForDeploymentPostprocessing = 0;
		};
/* End PBXSourcesBuildPhase section */

/* Begin PBXTargetDependency section */
		E788E20127957DC500F24CAB /* PBXTargetDependency */ = {
			isa = PBXTargetDependency;
			target = E788E1F327957DC300F24CAB /* HarbourWidgets */;
			targetProxy = E788E20027957DC500F24CAB /* PBXContainerItemProxy */;
		};
		E79F4CA727935DD1007FBAF6 /* PBXTargetDependency */ = {
			isa = PBXTargetDependency;
			target = E79F4C9E27935DD1007FBAF6 /* HarbourIntents */;
			targetProxy = E79F4CA627935DD1007FBAF6 /* PBXContainerItemProxy */;
		};
/* End PBXTargetDependency section */

/* Begin PBXVariantGroup section */
		E77C5FBB267EA4E5000B4994 /* Localizable.strings */ = {
			isa = PBXVariantGroup;
			children = (
				E77C5FBA267EA4E5000B4994 /* en */,
			);
			name = Localizable.strings;
			sourceTree = "<group>";
		};
/* End PBXVariantGroup section */

/* Begin XCBuildConfiguration section */
		E788E20427957DC500F24CAB /* Debug */ = {
			isa = XCBuildConfiguration;
			buildSettings = {
				ASSETCATALOG_COMPILER_GLOBAL_ACCENT_COLOR_NAME = AccentColor;
				ASSETCATALOG_COMPILER_WIDGET_BACKGROUND_COLOR_NAME = WidgetBackground;
				CLANG_CXX_LANGUAGE_STANDARD = "gnu++17";
				CODE_SIGN_ENTITLEMENTS = Widgets/WidgetsExtension.entitlements;
				CODE_SIGN_STYLE = Automatic;
				CURRENT_PROJECT_VERSION = 6;
				DEVELOPMENT_TEAM = WPN9Y7CDCT;
				GENERATE_INFOPLIST_FILE = YES;
				INFOPLIST_FILE = Widgets/Info.plist;
				INFOPLIST_KEY_CFBundleDisplayName = HarbourWidgets;
				INFOPLIST_KEY_NSHumanReadableCopyright = "";
				IPHONEOS_DEPLOYMENT_TARGET = 15.2;
				LD_RUNPATH_SEARCH_PATHS = (
					"$(inherited)",
					"@executable_path/Frameworks",
					"@executable_path/../../Frameworks",
				);
				MARKETING_VERSION = 2.0.0;
				OTHER_SWIFT_FLAGS = "-DWIDGET";
				PRODUCT_BUNDLE_IDENTIFIER = xyz.shameful.Harbour.Widgets;
				PRODUCT_NAME = "$(TARGET_NAME)";
				SDKROOT = iphoneos;
				SKIP_INSTALL = YES;
				SUPPORTS_MACCATALYST = YES;
				SWIFT_EMIT_LOC_STRINGS = YES;
				SWIFT_VERSION = 5.0;
				TARGETED_DEVICE_FAMILY = "1,2";
			};
			name = Debug;
		};
		E788E20527957DC500F24CAB /* Release */ = {
			isa = XCBuildConfiguration;
			buildSettings = {
				ASSETCATALOG_COMPILER_GLOBAL_ACCENT_COLOR_NAME = AccentColor;
				ASSETCATALOG_COMPILER_WIDGET_BACKGROUND_COLOR_NAME = WidgetBackground;
				CLANG_CXX_LANGUAGE_STANDARD = "gnu++17";
				CODE_SIGN_ENTITLEMENTS = Widgets/WidgetsExtension.entitlements;
				CODE_SIGN_STYLE = Automatic;
				CURRENT_PROJECT_VERSION = 6;
				DEVELOPMENT_TEAM = WPN9Y7CDCT;
				GENERATE_INFOPLIST_FILE = YES;
				INFOPLIST_FILE = Widgets/Info.plist;
				INFOPLIST_KEY_CFBundleDisplayName = HarbourWidgets;
				INFOPLIST_KEY_NSHumanReadableCopyright = "";
				IPHONEOS_DEPLOYMENT_TARGET = 15.2;
				LD_RUNPATH_SEARCH_PATHS = (
					"$(inherited)",
					"@executable_path/Frameworks",
					"@executable_path/../../Frameworks",
				);
				MARKETING_VERSION = 2.0.0;
				OTHER_SWIFT_FLAGS = "-DWIDGET";
				PRODUCT_BUNDLE_IDENTIFIER = xyz.shameful.Harbour.Widgets;
				PRODUCT_NAME = "$(TARGET_NAME)";
				SDKROOT = iphoneos;
				SKIP_INSTALL = YES;
				SUPPORTS_MACCATALYST = YES;
				SWIFT_EMIT_LOC_STRINGS = YES;
				SWIFT_VERSION = 5.0;
				TARGETED_DEVICE_FAMILY = "1,2";
				VALIDATE_PRODUCT = YES;
			};
			name = Release;
		};
		E79F4CAA27935DD1007FBAF6 /* Debug */ = {
			isa = XCBuildConfiguration;
			buildSettings = {
				CLANG_CXX_LANGUAGE_STANDARD = "gnu++17";
				CODE_SIGN_ENTITLEMENTS = Intents/Intents.entitlements;
				CODE_SIGN_STYLE = Automatic;
				CURRENT_PROJECT_VERSION = 6;
				DEVELOPMENT_TEAM = WPN9Y7CDCT;
				GENERATE_INFOPLIST_FILE = YES;
				INFOPLIST_FILE = Intents/Info.plist;
				INFOPLIST_KEY_CFBundleDisplayName = HarbourIntents;
				INFOPLIST_KEY_NSHumanReadableCopyright = "";
				IPHONEOS_DEPLOYMENT_TARGET = 15.0;
				LD_RUNPATH_SEARCH_PATHS = (
					"$(inherited)",
					"@executable_path/Frameworks",
					"@executable_path/../../Frameworks",
				);
				MACOSX_DEPLOYMENT_TARGET = 12.0;
				MARKETING_VERSION = 2.0.0;
				PRODUCT_BUNDLE_IDENTIFIER = xyz.shameful.Harbour.Intents;
				PRODUCT_NAME = "$(TARGET_NAME)";
				SDKROOT = iphoneos;
				SKIP_INSTALL = YES;
				SUPPORTS_MACCATALYST = YES;
				SWIFT_EMIT_LOC_STRINGS = YES;
				SWIFT_VERSION = 5.0;
				TARGETED_DEVICE_FAMILY = "1,2";
				TVOS_DEPLOYMENT_TARGET = 15.0;
				WATCHOS_DEPLOYMENT_TARGET = 8.0;
			};
			name = Debug;
		};
		E79F4CAB27935DD1007FBAF6 /* Release */ = {
			isa = XCBuildConfiguration;
			buildSettings = {
				CLANG_CXX_LANGUAGE_STANDARD = "gnu++17";
				CODE_SIGN_ENTITLEMENTS = Intents/Intents.entitlements;
				CODE_SIGN_STYLE = Automatic;
				CURRENT_PROJECT_VERSION = 6;
				DEVELOPMENT_TEAM = WPN9Y7CDCT;
				GENERATE_INFOPLIST_FILE = YES;
				INFOPLIST_FILE = Intents/Info.plist;
				INFOPLIST_KEY_CFBundleDisplayName = HarbourIntents;
				INFOPLIST_KEY_NSHumanReadableCopyright = "";
				IPHONEOS_DEPLOYMENT_TARGET = 15.0;
				LD_RUNPATH_SEARCH_PATHS = (
					"$(inherited)",
					"@executable_path/Frameworks",
					"@executable_path/../../Frameworks",
				);
				MACOSX_DEPLOYMENT_TARGET = 12.0;
				MARKETING_VERSION = 2.0.0;
				PRODUCT_BUNDLE_IDENTIFIER = xyz.shameful.Harbour.Intents;
				PRODUCT_NAME = "$(TARGET_NAME)";
				SDKROOT = iphoneos;
				SKIP_INSTALL = YES;
				SUPPORTS_MACCATALYST = YES;
				SWIFT_EMIT_LOC_STRINGS = YES;
				SWIFT_VERSION = 5.0;
				TARGETED_DEVICE_FAMILY = "1,2";
				TVOS_DEPLOYMENT_TARGET = 15.0;
				VALIDATE_PRODUCT = YES;
				WATCHOS_DEPLOYMENT_TARGET = 8.0;
			};
			name = Release;
		};
		E7BF9E642672B5B100AAB6A1 /* Debug */ = {
			isa = XCBuildConfiguration;
			buildSettings = {
				ALWAYS_SEARCH_USER_PATHS = NO;
				CLANG_ANALYZER_LOCALIZABILITY_NONLOCALIZED = YES;
				CLANG_ANALYZER_NONNULL = YES;
				CLANG_ANALYZER_NUMBER_OBJECT_CONVERSION = YES_AGGRESSIVE;
				CLANG_CXX_LANGUAGE_STANDARD = "gnu++14";
				CLANG_CXX_LIBRARY = "libc++";
				CLANG_ENABLE_MODULES = YES;
				CLANG_ENABLE_OBJC_ARC = YES;
				CLANG_ENABLE_OBJC_WEAK = YES;
				CLANG_WARN_BLOCK_CAPTURE_AUTORELEASING = YES;
				CLANG_WARN_BOOL_CONVERSION = YES;
				CLANG_WARN_COMMA = YES;
				CLANG_WARN_CONSTANT_CONVERSION = YES;
				CLANG_WARN_DEPRECATED_OBJC_IMPLEMENTATIONS = YES;
				CLANG_WARN_DIRECT_OBJC_ISA_USAGE = YES_ERROR;
				CLANG_WARN_DOCUMENTATION_COMMENTS = YES;
				CLANG_WARN_EMPTY_BODY = YES;
				CLANG_WARN_ENUM_CONVERSION = YES;
				CLANG_WARN_INFINITE_RECURSION = YES;
				CLANG_WARN_INT_CONVERSION = YES;
				CLANG_WARN_NON_LITERAL_NULL_CONVERSION = YES;
				CLANG_WARN_OBJC_IMPLICIT_RETAIN_SELF = YES;
				CLANG_WARN_OBJC_LITERAL_CONVERSION = YES;
				CLANG_WARN_OBJC_ROOT_CLASS = YES_ERROR;
				CLANG_WARN_QUOTED_INCLUDE_IN_FRAMEWORK_HEADER = YES;
				CLANG_WARN_RANGE_LOOP_ANALYSIS = YES;
				CLANG_WARN_STRICT_PROTOTYPES = YES;
				CLANG_WARN_SUSPICIOUS_MOVE = YES;
				CLANG_WARN_UNGUARDED_AVAILABILITY = YES_AGGRESSIVE;
				CLANG_WARN_UNREACHABLE_CODE = YES;
				CLANG_WARN__DUPLICATE_METHOD_MATCH = YES;
				COPY_PHASE_STRIP = NO;
				DEBUG_INFORMATION_FORMAT = dwarf;
				ENABLE_STRICT_OBJC_MSGSEND = YES;
				ENABLE_TESTABILITY = YES;
				GCC_C_LANGUAGE_STANDARD = gnu11;
				GCC_DYNAMIC_NO_PIC = NO;
				GCC_NO_COMMON_BLOCKS = YES;
				GCC_OPTIMIZATION_LEVEL = 0;
				GCC_PREPROCESSOR_DEFINITIONS = (
					"DEBUG=1",
					"$(inherited)",
				);
				GCC_WARN_64_TO_32_BIT_CONVERSION = YES;
				GCC_WARN_ABOUT_RETURN_TYPE = YES_ERROR;
				GCC_WARN_UNDECLARED_SELECTOR = YES;
				GCC_WARN_UNINITIALIZED_AUTOS = YES_AGGRESSIVE;
				GCC_WARN_UNUSED_FUNCTION = YES;
				GCC_WARN_UNUSED_VARIABLE = YES;
				MTL_ENABLE_DEBUG_INFO = INCLUDE_SOURCE;
				MTL_FAST_MATH = YES;
				ONLY_ACTIVE_ARCH = YES;
				SWIFT_ACTIVE_COMPILATION_CONDITIONS = DEBUG;
				SWIFT_OPTIMIZATION_LEVEL = "-Onone";
			};
			name = Debug;
		};
		E7BF9E652672B5B100AAB6A1 /* Release */ = {
			isa = XCBuildConfiguration;
			buildSettings = {
				ALWAYS_SEARCH_USER_PATHS = NO;
				CLANG_ANALYZER_LOCALIZABILITY_NONLOCALIZED = YES;
				CLANG_ANALYZER_NONNULL = YES;
				CLANG_ANALYZER_NUMBER_OBJECT_CONVERSION = YES_AGGRESSIVE;
				CLANG_CXX_LANGUAGE_STANDARD = "gnu++14";
				CLANG_CXX_LIBRARY = "libc++";
				CLANG_ENABLE_MODULES = YES;
				CLANG_ENABLE_OBJC_ARC = YES;
				CLANG_ENABLE_OBJC_WEAK = YES;
				CLANG_WARN_BLOCK_CAPTURE_AUTORELEASING = YES;
				CLANG_WARN_BOOL_CONVERSION = YES;
				CLANG_WARN_COMMA = YES;
				CLANG_WARN_CONSTANT_CONVERSION = YES;
				CLANG_WARN_DEPRECATED_OBJC_IMPLEMENTATIONS = YES;
				CLANG_WARN_DIRECT_OBJC_ISA_USAGE = YES_ERROR;
				CLANG_WARN_DOCUMENTATION_COMMENTS = YES;
				CLANG_WARN_EMPTY_BODY = YES;
				CLANG_WARN_ENUM_CONVERSION = YES;
				CLANG_WARN_INFINITE_RECURSION = YES;
				CLANG_WARN_INT_CONVERSION = YES;
				CLANG_WARN_NON_LITERAL_NULL_CONVERSION = YES;
				CLANG_WARN_OBJC_IMPLICIT_RETAIN_SELF = YES;
				CLANG_WARN_OBJC_LITERAL_CONVERSION = YES;
				CLANG_WARN_OBJC_ROOT_CLASS = YES_ERROR;
				CLANG_WARN_QUOTED_INCLUDE_IN_FRAMEWORK_HEADER = YES;
				CLANG_WARN_RANGE_LOOP_ANALYSIS = YES;
				CLANG_WARN_STRICT_PROTOTYPES = YES;
				CLANG_WARN_SUSPICIOUS_MOVE = YES;
				CLANG_WARN_UNGUARDED_AVAILABILITY = YES_AGGRESSIVE;
				CLANG_WARN_UNREACHABLE_CODE = YES;
				CLANG_WARN__DUPLICATE_METHOD_MATCH = YES;
				COPY_PHASE_STRIP = NO;
				DEBUG_INFORMATION_FORMAT = "dwarf-with-dsym";
				ENABLE_NS_ASSERTIONS = NO;
				ENABLE_STRICT_OBJC_MSGSEND = YES;
				GCC_C_LANGUAGE_STANDARD = gnu11;
				GCC_NO_COMMON_BLOCKS = YES;
				GCC_WARN_64_TO_32_BIT_CONVERSION = YES;
				GCC_WARN_ABOUT_RETURN_TYPE = YES_ERROR;
				GCC_WARN_UNDECLARED_SELECTOR = YES;
				GCC_WARN_UNINITIALIZED_AUTOS = YES_AGGRESSIVE;
				GCC_WARN_UNUSED_FUNCTION = YES;
				GCC_WARN_UNUSED_VARIABLE = YES;
				MTL_ENABLE_DEBUG_INFO = NO;
				MTL_FAST_MATH = YES;
				SWIFT_COMPILATION_MODE = wholemodule;
				SWIFT_OPTIMIZATION_LEVEL = "-O";
			};
			name = Release;
		};
		E7BF9E672672B5B100AAB6A1 /* Debug */ = {
			isa = XCBuildConfiguration;
			buildSettings = {
				ALWAYS_EMBED_SWIFT_STANDARD_LIBRARIES = YES;
				ASSETCATALOG_COMPILER_APPICON_NAME = AppIcon;
				ASSETCATALOG_COMPILER_GLOBAL_ACCENT_COLOR_NAME = AccentColor;
				ASSETCATALOG_COMPILER_INCLUDE_ALL_APPICON_ASSETS = YES;
				CODE_SIGN_ENTITLEMENTS = Harbour/Harbour.entitlements;
				CODE_SIGN_STYLE = Automatic;
				CURRENT_PROJECT_VERSION = 6;
				DEVELOPMENT_TEAM = WPN9Y7CDCT;
				"ENABLE_HARDENED_RUNTIME[sdk=macosx*]" = NO;
				ENABLE_PREVIEWS = YES;
				GENERATE_INFOPLIST_FILE = YES;
				INFOPLIST_FILE = Harbour/Info.plist;
				INFOPLIST_KEY_CFBundleDisplayName = Harbour;
				INFOPLIST_KEY_CFBundleExecutable = Harbour;
				INFOPLIST_KEY_CFBundleName = Harbour;
				INFOPLIST_KEY_CFBundleVersion = 1;
				INFOPLIST_KEY_LSApplicationCategoryType = "public.app-category.developer-tools";
				INFOPLIST_KEY_UIApplicationSceneManifest_Generation = YES;
				INFOPLIST_KEY_UILaunchScreen_Generation = YES;
				INFOPLIST_KEY_UISupportedInterfaceOrientations = UIInterfaceOrientationPortrait;
				INFOPLIST_KEY_UISupportedInterfaceOrientations_iPad = "UIInterfaceOrientationPortrait UIInterfaceOrientationPortraitUpsideDown UIInterfaceOrientationLandscapeLeft UIInterfaceOrientationLandscapeRight";
				INFOPLIST_KEY_UISupportedInterfaceOrientations_iPhone = "UIInterfaceOrientationPortrait UIInterfaceOrientationLandscapeLeft UIInterfaceOrientationLandscapeRight";
				IPHONEOS_DEPLOYMENT_TARGET = 15.0;
				LD_RUNPATH_SEARCH_PATHS = (
					"$(inherited)",
					"@executable_path/Frameworks",
				);
				MARKETING_VERSION = 2.0.0;
				OTHER_SWIFT_FLAGS = "-DIOS -DTESTFLIGHT";
				PRODUCT_BUNDLE_IDENTIFIER = xyz.shameful.Harbour;
				PRODUCT_NAME = Harbour;
				SDKROOT = iphoneos;
				SUPPORTS_MACCATALYST = YES;
				SWIFT_EMIT_LOC_STRINGS = YES;
				SWIFT_VERSION = 5.0;
				TARGETED_DEVICE_FAMILY = "1,2";
			};
			name = Debug;
		};
		E7BF9E682672B5B100AAB6A1 /* Release */ = {
			isa = XCBuildConfiguration;
			buildSettings = {
				ALWAYS_EMBED_SWIFT_STANDARD_LIBRARIES = YES;
				ASSETCATALOG_COMPILER_APPICON_NAME = AppIcon;
				ASSETCATALOG_COMPILER_GLOBAL_ACCENT_COLOR_NAME = AccentColor;
				ASSETCATALOG_COMPILER_INCLUDE_ALL_APPICON_ASSETS = YES;
				CODE_SIGN_ENTITLEMENTS = Harbour/Harbour.entitlements;
				CODE_SIGN_STYLE = Automatic;
				CURRENT_PROJECT_VERSION = 6;
				DEVELOPMENT_TEAM = WPN9Y7CDCT;
				"ENABLE_HARDENED_RUNTIME[sdk=macosx*]" = NO;
				ENABLE_PREVIEWS = YES;
				GENERATE_INFOPLIST_FILE = YES;
				INFOPLIST_FILE = Harbour/Info.plist;
				INFOPLIST_KEY_CFBundleDisplayName = Harbour;
				INFOPLIST_KEY_CFBundleExecutable = Harbour;
				INFOPLIST_KEY_CFBundleName = Harbour;
				INFOPLIST_KEY_CFBundleVersion = 1;
				INFOPLIST_KEY_LSApplicationCategoryType = "public.app-category.developer-tools";
				INFOPLIST_KEY_UIApplicationSceneManifest_Generation = YES;
				INFOPLIST_KEY_UILaunchScreen_Generation = YES;
				INFOPLIST_KEY_UISupportedInterfaceOrientations = UIInterfaceOrientationPortrait;
				INFOPLIST_KEY_UISupportedInterfaceOrientations_iPad = "UIInterfaceOrientationPortrait UIInterfaceOrientationPortraitUpsideDown UIInterfaceOrientationLandscapeLeft UIInterfaceOrientationLandscapeRight";
				INFOPLIST_KEY_UISupportedInterfaceOrientations_iPhone = "UIInterfaceOrientationPortrait UIInterfaceOrientationLandscapeLeft UIInterfaceOrientationLandscapeRight";
				IPHONEOS_DEPLOYMENT_TARGET = 15.0;
				LD_RUNPATH_SEARCH_PATHS = (
					"$(inherited)",
					"@executable_path/Frameworks",
				);
				MARKETING_VERSION = 2.0.0;
				OTHER_SWIFT_FLAGS = "-DIOS -DTESTFLIGHT";
				PRODUCT_BUNDLE_IDENTIFIER = xyz.shameful.Harbour;
				PRODUCT_NAME = Harbour;
				SDKROOT = iphoneos;
				SUPPORTS_MACCATALYST = YES;
				SWIFT_EMIT_LOC_STRINGS = YES;
				SWIFT_VERSION = 5.0;
				TARGETED_DEVICE_FAMILY = "1,2";
				VALIDATE_PRODUCT = YES;
			};
			name = Release;
		};
/* End XCBuildConfiguration section */

/* Begin XCConfigurationList section */
		E788E20627957DC500F24CAB /* Build configuration list for PBXNativeTarget "HarbourWidgets" */ = {
			isa = XCConfigurationList;
			buildConfigurations = (
				E788E20427957DC500F24CAB /* Debug */,
				E788E20527957DC500F24CAB /* Release */,
			);
			defaultConfigurationIsVisible = 0;
			defaultConfigurationName = Release;
		};
		E79F4CAC27935DD1007FBAF6 /* Build configuration list for PBXNativeTarget "HarbourIntents" */ = {
			isa = XCConfigurationList;
			buildConfigurations = (
				E79F4CAA27935DD1007FBAF6 /* Debug */,
				E79F4CAB27935DD1007FBAF6 /* Release */,
			);
			defaultConfigurationIsVisible = 0;
			defaultConfigurationName = Release;
		};
		E7BF9E4E2672B5B000AAB6A1 /* Build configuration list for PBXProject "Harbour" */ = {
			isa = XCConfigurationList;
			buildConfigurations = (
				E7BF9E642672B5B100AAB6A1 /* Debug */,
				E7BF9E652672B5B100AAB6A1 /* Release */,
			);
			defaultConfigurationIsVisible = 0;
			defaultConfigurationName = Release;
		};
		E7BF9E662672B5B100AAB6A1 /* Build configuration list for PBXNativeTarget "Harbour" */ = {
			isa = XCConfigurationList;
			buildConfigurations = (
				E7BF9E672672B5B100AAB6A1 /* Debug */,
				E7BF9E682672B5B100AAB6A1 /* Release */,
			);
			defaultConfigurationIsVisible = 0;
			defaultConfigurationName = Release;
		};
/* End XCConfigurationList section */

/* Begin XCSwiftPackageProductDependency section */
		E737EC7A277B4ADC00E5701D /* Keychain */ = {
			isa = XCSwiftPackageProductDependency;
			productName = Keychain;
		};
		E751F053270B0B5000980DCA /* Indicators */ = {
			isa = XCSwiftPackageProductDependency;
			productName = Indicators;
		};
		E7685BBE26769B2500CD592E /* PortainerKit */ = {
			isa = XCSwiftPackageProductDependency;
			productName = PortainerKit;
		};
		E77717C827935FDD00DED48D /* PortainerKit */ = {
			isa = XCSwiftPackageProductDependency;
			productName = PortainerKit;
		};
		E77717CA27935FE600DED48D /* Keychain */ = {
			isa = XCSwiftPackageProductDependency;
			productName = Keychain;
		};
		E788E2182795835800F24CAB /* PortainerKit */ = {
			isa = XCSwiftPackageProductDependency;
			productName = PortainerKit;
		};
		E788E21A2795835B00F24CAB /* Keychain */ = {
			isa = XCSwiftPackageProductDependency;
			productName = Keychain;
		};
/* End XCSwiftPackageProductDependency section */

/* Begin XCVersionGroup section */
		E74C8FED27B29E6A00CC1DF3 /* Harbour.xcdatamodeld */ = {
			isa = XCVersionGroup;
			children = (
				E74C8FEE27B29E6A00CC1DF3 /* Model.xcdatamodel */,
			);
			currentVersion = E74C8FEE27B29E6A00CC1DF3 /* Model.xcdatamodel */;
			path = Harbour.xcdatamodeld;
			sourceTree = "<group>";
			versionGroupType = wrapper.xcdatamodel;
		};
/* End XCVersionGroup section */
	};
	rootObject = E7BF9E4B2672B5B000AAB6A1 /* Project object */;
}
